
Microsoft Visual Studio Solution File, Format Version 12.00
# Visual Studio Version 16
VisualStudioVersion = 16.0.31112.23
MinimumVisualStudioVersion = 10.0.40219.1
Project("{9A19103F-16F7-4668-BE54-9A1E7A4F7556}") = "ISAAR.MSolve.Solvers", "ISAAR.MSolve.Solvers\ISAAR.MSolve.Solvers.csproj", "{0883B2F7-198A-4404-B13D-22100BF90A31}"
EndProject
Project("{9A19103F-16F7-4668-BE54-9A1E7A4F7556}") = "ISAAR.MSolve.Logging", "ISAAR.MSolve.Logging\ISAAR.MSolve.Logging.csproj", "{8CC2C512-2F07-4E6F-8E04-FC62F1B04186}"
EndProject
Project("{9A19103F-16F7-4668-BE54-9A1E7A4F7556}") = "ISAAR.MSolve.Problems", "ISAAR.MSolve.Problems\ISAAR.MSolve.Problems.csproj", "{D4C27DC8-5A58-4BF0-8423-0F3C1FB47B8F}"
EndProject
Project("{9A19103F-16F7-4668-BE54-9A1E7A4F7556}") = "ISAAR.MSolve.SamplesConsole", "ISAAR.MSolve.SamplesConsole\ISAAR.MSolve.SamplesConsole.csproj", "{D9DD38A2-0CB4-43D7-8754-06251DD37D63}"
EndProject
Project("{9A19103F-16F7-4668-BE54-9A1E7A4F7556}") = "ISAAR.MSolve.FEM", "ISAAR.MSolve.FEM\ISAAR.MSolve.FEM.csproj", "{C30E5A92-8060-46EB-8249-4FE4F603DE18}"
EndProject
Project("{9A19103F-16F7-4668-BE54-9A1E7A4F7556}") = "ISAAR.MSolve.Tests", "ISAAR.MSolve.Tests\ISAAR.MSolve.Tests.csproj", "{A7723B13-7513-42AD-9C25-21CE27FF2582}"
EndProject
Project("{9A19103F-16F7-4668-BE54-9A1E7A4F7556}") = "ISAAR.MSolve.Optimization", "ISAAR.MSolve.Optimization\ISAAR.MSolve.Optimization.csproj", "{FAB133D0-C1BB-49CC-8576-8DF48DFAC084}"
EndProject
Project("{9A19103F-16F7-4668-BE54-9A1E7A4F7556}") = "ISAAR.MSolve.Materials", "ISAAR.MSolve.Materials\ISAAR.MSolve.Materials.csproj", "{9C0A357F-0F2E-403B-A5E3-A127C383589F}"
EndProject
Project("{9A19103F-16F7-4668-BE54-9A1E7A4F7556}") = "ISAAR.MSolve.Geometry", "ISAAR.MSolve.Geometry\ISAAR.MSolve.Geometry.csproj", "{F1151C6B-C20E-4ED6-B2C3-7AA3D3EED508}"
EndProject
Project("{9A19103F-16F7-4668-BE54-9A1E7A4F7556}") = "ISAAR.MSolve.FEM.Tests", "ISAAR.MSolve.FEM.Tests\ISAAR.MSolve.FEM.Tests.csproj", "{333B8164-88B7-409D-9A1E-1B8B11E3425D}"
EndProject
Project("{9A19103F-16F7-4668-BE54-9A1E7A4F7556}") = "ISAAR.MSolve.LinearAlgebra", "ISAAR.MSolve.LinearAlgebra\ISAAR.MSolve.LinearAlgebra.csproj", "{63D310CD-AA56-40F3-90F3-9E9FB57AC50B}"
EndProject
Project("{9A19103F-16F7-4668-BE54-9A1E7A4F7556}") = "ISAAR.MSolve.LinearAlgebra.Tests", "ISAAR.MSolve.LinearAlgebra.Tests\ISAAR.MSolve.LinearAlgebra.Tests.csproj", "{93735FDD-D105-4391-B516-E24697F2F7DE}"
EndProject
Project("{9A19103F-16F7-4668-BE54-9A1E7A4F7556}") = "ISAAR.MSolve.Discretization", "ISAAR.MSolve.Discretization\ISAAR.MSolve.Discretization.csproj", "{5DA84B2D-1A42-4C60-8EB7-BA8E8AAE5509}"
EndProject
Project("{9A19103F-16F7-4668-BE54-9A1E7A4F7556}") = "ISAAR.MSolve.Optimization.Structural", "ISAAR.MSolve.Optimization.Structural\ISAAR.MSolve.Optimization.Structural.csproj", "{1C656858-5A9A-405B-A099-C7C98B8C6C05}"
EndProject
Project("{9A19103F-16F7-4668-BE54-9A1E7A4F7556}") = "ISAAR.MSolve.Optimization.Structural.Tests", "ISAAR.MSolve.Optimization.Structural.Tests\ISAAR.MSolve.Optimization.Structural.Tests.csproj", "{C92BD028-B7FB-4B30-A075-F56CECD0428A}"
EndProject
Project("{9A19103F-16F7-4668-BE54-9A1E7A4F7556}") = "ISAAR.MSolve.Solvers.Tests", "ISAAR.MSolve.Solvers.Tests\ISAAR.MSolve.Solvers.Tests.csproj", "{2D73EB3F-A265-4571-A4BC-C3525F4BCB30}"
EndProject
Project("{9A19103F-16F7-4668-BE54-9A1E7A4F7556}") = "ISAAR.MSolve.MSAnalysis", "ISAAR.MSolve.MSAnalysis\ISAAR.MSolve.MSAnalysis.csproj", "{67602E6E-87D7-4A33-A595-CA87F7CCE92D}"
EndProject
Project("{9A19103F-16F7-4668-BE54-9A1E7A4F7556}") = "ISAAR.MSolve.Optimization.Tests", "ISAAR.MSolve.Optimization.Tests\ISAAR.MSolve.Optimization.Tests.csproj", "{EA8CB075-9FE4-411D-892C-7F90EA24C1AE}"
EndProject
Project("{9A19103F-16F7-4668-BE54-9A1E7A4F7556}") = "ISAAR.MSolve.LinearAlgebra.Distributed", "ISAAR.MSolve.LinearAlgebra.Distributed\ISAAR.MSolve.LinearAlgebra.Distributed.csproj", "{2636C180-67FB-4AFA-A8DE-7118F0055EBF}"
EndProject
Project("{9A19103F-16F7-4668-BE54-9A1E7A4F7556}") = "ISAAR.MSolve.LinearAlgebra.Distributed.Tests", "ISAAR.MSolve.LinearAlgebra.Distributed.Tests\ISAAR.MSolve.LinearAlgebra.Distributed.Tests.csproj", "{F508B2C6-7532-4987-9977-C030E3D85AD4}"
EndProject
Project("{9A19103F-16F7-4668-BE54-9A1E7A4F7556}") = "ISAAR.MSolve.Stochastic.Tests", "XUnitTestProject2\ISAAR.MSolve.Stochastic.Tests.csproj", "{6604E402-2D62-47FA-BA17-B48DF4A821D2}"
	ProjectSection(ProjectDependencies) = postProject
		{8CC2C512-2F07-4E6F-8E04-FC62F1B04186} = {8CC2C512-2F07-4E6F-8E04-FC62F1B04186}
		{C30E5A92-8060-46EB-8249-4FE4F603DE18} = {C30E5A92-8060-46EB-8249-4FE4F603DE18}
		{D4C27DC8-5A58-4BF0-8423-0F3C1FB47B8F} = {D4C27DC8-5A58-4BF0-8423-0F3C1FB47B8F}
		{63D310CD-AA56-40F3-90F3-9E9FB57AC50B} = {63D310CD-AA56-40F3-90F3-9E9FB57AC50B}
	EndProjectSection
EndProject
Project("{9A19103F-16F7-4668-BE54-9A1E7A4F7556}") = "MGroup.Stochastic", "MGroup.Stochastic\MGroup.Stochastic.csproj", "{EC00DC51-095B-419A-939D-F29F39F79945}"
EndProject
Project("{9A19103F-16F7-4668-BE54-9A1E7A4F7556}") = "MGroup.Stochastic.Structural", "MGroup.Stochastic.Structural\MGroup.Stochastic.Structural.csproj", "{AAC31C2D-C19D-4F33-B396-37EF810E3A92}"
EndProject
Project("{9A19103F-16F7-4668-BE54-9A1E7A4F7556}") = "MGroup.Stochastic.Structural.Example", "MGroup.Stochastic.Structural.Example\MGroup.Stochastic.Structural.Example.csproj", "{F03CFBCC-C408-4C6A-874C-F68C0DB82D16}"
EndProject
Project("{9A19103F-16F7-4668-BE54-9A1E7A4F7556}") = "ISAAR.MSolve.Analyzers", "ISAAR.MSolve.Analyzers\ISAAR.MSolve.Analyzers.csproj", "{5DE4223E-797E-4995-A978-16B022682AD0}"
EndProject
Project("{9A19103F-16F7-4668-BE54-9A1E7A4F7556}") = "ISAAR.MSolve.XFEM", "ISAAR.MSolve.XFEM\ISAAR.MSolve.XFEM.csproj", "{31852AF4-A163-4D11-86AA-23FF5CC3CBA4}"
EndProject
Project("{9A19103F-16F7-4668-BE54-9A1E7A4F7556}") = "ISAAR.MSolve.XFEM.Tests", "ISAAR.MSolve.XFEM.Tests\ISAAR.MSolve.XFEM.Tests.csproj", "{CBBB785E-F16C-4AAB-8D3E-28C961450FF1}"
EndProject
Project("{9A19103F-16F7-4668-BE54-9A1E7A4F7556}") = "MGroup.XFEM", "MGroup.XFEM\MGroup.XFEM.csproj", "{A849A5D8-2B72-48B1-B44D-A5CEFC815222}"
	ProjectSection(ProjectDependencies) = postProject
		{8CC2C512-2F07-4E6F-8E04-FC62F1B04186} = {8CC2C512-2F07-4E6F-8E04-FC62F1B04186}
		{5DE4223E-797E-4995-A978-16B022682AD0} = {5DE4223E-797E-4995-A978-16B022682AD0}
		{F1151C6B-C20E-4ED6-B2C3-7AA3D3EED508} = {F1151C6B-C20E-4ED6-B2C3-7AA3D3EED508}
		{C30E5A92-8060-46EB-8249-4FE4F603DE18} = {C30E5A92-8060-46EB-8249-4FE4F603DE18}
		{63D310CD-AA56-40F3-90F3-9E9FB57AC50B} = {63D310CD-AA56-40F3-90F3-9E9FB57AC50B}
		{0883B2F7-198A-4404-B13D-22100BF90A31} = {0883B2F7-198A-4404-B13D-22100BF90A31}
	EndProjectSection
EndProject
Project("{9A19103F-16F7-4668-BE54-9A1E7A4F7556}") = "MGroup.XFEM.Multiscale", "MGroup.XFEM.Multiscale\MGroup.XFEM.Multiscale.csproj", "{42E17E99-56A3-4CA2-AF6D-49CD4D6244C8}"
	ProjectSection(ProjectDependencies) = postProject
		{8CC2C512-2F07-4E6F-8E04-FC62F1B04186} = {8CC2C512-2F07-4E6F-8E04-FC62F1B04186}
		{F1151C6B-C20E-4ED6-B2C3-7AA3D3EED508} = {F1151C6B-C20E-4ED6-B2C3-7AA3D3EED508}
		{C30E5A92-8060-46EB-8249-4FE4F603DE18} = {C30E5A92-8060-46EB-8249-4FE4F603DE18}
	EndProjectSection
EndProject
Project("{9A19103F-16F7-4668-BE54-9A1E7A4F7556}") = "MGroup.XFEM.Tests", "MGroup.XFEM.Tests\MGroup.XFEM.Tests.csproj", "{D9E07A4D-9C13-42E1-BA9C-70F4BB824082}"
EndProject
Global
	GlobalSection(SolutionConfigurationPlatforms) = preSolution
		Debug|Any CPU = Debug|Any CPU
		Debug|ARM = Debug|ARM
		Debug|ARM64 = Debug|ARM64
		Debug|x64 = Debug|x64
		Debug|x86 = Debug|x86
		newConf|Any CPU = newConf|Any CPU
		newConf|ARM = newConf|ARM
		newConf|ARM64 = newConf|ARM64
		newConf|x64 = newConf|x64
		newConf|x86 = newConf|x86
		Release|Any CPU = Release|Any CPU
		Release|ARM = Release|ARM
		Release|ARM64 = Release|ARM64
		Release|x64 = Release|x64
		Release|x86 = Release|x86
	EndGlobalSection
	GlobalSection(ProjectConfigurationPlatforms) = postSolution
		{0883B2F7-198A-4404-B13D-22100BF90A31}.Debug|Any CPU.ActiveCfg = Debug|Any CPU
		{0883B2F7-198A-4404-B13D-22100BF90A31}.Debug|Any CPU.Build.0 = Debug|Any CPU
		{0883B2F7-198A-4404-B13D-22100BF90A31}.Debug|ARM.ActiveCfg = Debug|Any CPU
		{0883B2F7-198A-4404-B13D-22100BF90A31}.Debug|ARM.Build.0 = Debug|Any CPU
		{0883B2F7-198A-4404-B13D-22100BF90A31}.Debug|ARM64.ActiveCfg = Debug|Any CPU
		{0883B2F7-198A-4404-B13D-22100BF90A31}.Debug|ARM64.Build.0 = Debug|Any CPU
		{0883B2F7-198A-4404-B13D-22100BF90A31}.Debug|x64.ActiveCfg = Debug|Any CPU
		{0883B2F7-198A-4404-B13D-22100BF90A31}.Debug|x64.Build.0 = Debug|Any CPU
		{0883B2F7-198A-4404-B13D-22100BF90A31}.Debug|x86.ActiveCfg = Debug|Any CPU
		{0883B2F7-198A-4404-B13D-22100BF90A31}.Debug|x86.Build.0 = Debug|Any CPU
		{0883B2F7-198A-4404-B13D-22100BF90A31}.newConf|Any CPU.ActiveCfg = Release|Any CPU
		{0883B2F7-198A-4404-B13D-22100BF90A31}.newConf|Any CPU.Build.0 = Release|Any CPU
		{0883B2F7-198A-4404-B13D-22100BF90A31}.newConf|ARM.ActiveCfg = Release|Any CPU
		{0883B2F7-198A-4404-B13D-22100BF90A31}.newConf|ARM.Build.0 = Release|Any CPU
		{0883B2F7-198A-4404-B13D-22100BF90A31}.newConf|ARM64.ActiveCfg = Release|Any CPU
		{0883B2F7-198A-4404-B13D-22100BF90A31}.newConf|ARM64.Build.0 = Release|Any CPU
		{0883B2F7-198A-4404-B13D-22100BF90A31}.newConf|x64.ActiveCfg = Release|Any CPU
		{0883B2F7-198A-4404-B13D-22100BF90A31}.newConf|x64.Build.0 = Release|Any CPU
		{0883B2F7-198A-4404-B13D-22100BF90A31}.newConf|x86.ActiveCfg = Release|Any CPU
		{0883B2F7-198A-4404-B13D-22100BF90A31}.newConf|x86.Build.0 = Release|Any CPU
		{0883B2F7-198A-4404-B13D-22100BF90A31}.Release|Any CPU.ActiveCfg = Release|Any CPU
		{0883B2F7-198A-4404-B13D-22100BF90A31}.Release|Any CPU.Build.0 = Release|Any CPU
		{0883B2F7-198A-4404-B13D-22100BF90A31}.Release|ARM.ActiveCfg = Release|Any CPU
		{0883B2F7-198A-4404-B13D-22100BF90A31}.Release|ARM.Build.0 = Release|Any CPU
		{0883B2F7-198A-4404-B13D-22100BF90A31}.Release|ARM64.ActiveCfg = Release|Any CPU
		{0883B2F7-198A-4404-B13D-22100BF90A31}.Release|ARM64.Build.0 = Release|Any CPU
		{0883B2F7-198A-4404-B13D-22100BF90A31}.Release|x64.ActiveCfg = Release|Any CPU
		{0883B2F7-198A-4404-B13D-22100BF90A31}.Release|x64.Build.0 = Release|Any CPU
		{0883B2F7-198A-4404-B13D-22100BF90A31}.Release|x86.ActiveCfg = Release|Any CPU
		{0883B2F7-198A-4404-B13D-22100BF90A31}.Release|x86.Build.0 = Release|Any CPU
		{8CC2C512-2F07-4E6F-8E04-FC62F1B04186}.Debug|Any CPU.ActiveCfg = Debug|Any CPU
		{8CC2C512-2F07-4E6F-8E04-FC62F1B04186}.Debug|Any CPU.Build.0 = Debug|Any CPU
		{8CC2C512-2F07-4E6F-8E04-FC62F1B04186}.Debug|ARM.ActiveCfg = Debug|Any CPU
		{8CC2C512-2F07-4E6F-8E04-FC62F1B04186}.Debug|ARM.Build.0 = Debug|Any CPU
		{8CC2C512-2F07-4E6F-8E04-FC62F1B04186}.Debug|ARM64.ActiveCfg = Debug|Any CPU
		{8CC2C512-2F07-4E6F-8E04-FC62F1B04186}.Debug|ARM64.Build.0 = Debug|Any CPU
		{8CC2C512-2F07-4E6F-8E04-FC62F1B04186}.Debug|x64.ActiveCfg = Debug|Any CPU
		{8CC2C512-2F07-4E6F-8E04-FC62F1B04186}.Debug|x64.Build.0 = Debug|Any CPU
		{8CC2C512-2F07-4E6F-8E04-FC62F1B04186}.Debug|x86.ActiveCfg = Debug|Any CPU
		{8CC2C512-2F07-4E6F-8E04-FC62F1B04186}.Debug|x86.Build.0 = Debug|Any CPU
		{8CC2C512-2F07-4E6F-8E04-FC62F1B04186}.newConf|Any CPU.ActiveCfg = Release|Any CPU
		{8CC2C512-2F07-4E6F-8E04-FC62F1B04186}.newConf|Any CPU.Build.0 = Release|Any CPU
		{8CC2C512-2F07-4E6F-8E04-FC62F1B04186}.newConf|ARM.ActiveCfg = Release|Any CPU
		{8CC2C512-2F07-4E6F-8E04-FC62F1B04186}.newConf|ARM.Build.0 = Release|Any CPU
		{8CC2C512-2F07-4E6F-8E04-FC62F1B04186}.newConf|ARM64.ActiveCfg = Release|Any CPU
		{8CC2C512-2F07-4E6F-8E04-FC62F1B04186}.newConf|ARM64.Build.0 = Release|Any CPU
		{8CC2C512-2F07-4E6F-8E04-FC62F1B04186}.newConf|x64.ActiveCfg = Release|Any CPU
		{8CC2C512-2F07-4E6F-8E04-FC62F1B04186}.newConf|x64.Build.0 = Release|Any CPU
		{8CC2C512-2F07-4E6F-8E04-FC62F1B04186}.newConf|x86.ActiveCfg = Release|Any CPU
		{8CC2C512-2F07-4E6F-8E04-FC62F1B04186}.newConf|x86.Build.0 = Release|Any CPU
		{8CC2C512-2F07-4E6F-8E04-FC62F1B04186}.Release|Any CPU.ActiveCfg = Release|Any CPU
		{8CC2C512-2F07-4E6F-8E04-FC62F1B04186}.Release|Any CPU.Build.0 = Release|Any CPU
		{8CC2C512-2F07-4E6F-8E04-FC62F1B04186}.Release|ARM.ActiveCfg = Release|Any CPU
		{8CC2C512-2F07-4E6F-8E04-FC62F1B04186}.Release|ARM.Build.0 = Release|Any CPU
		{8CC2C512-2F07-4E6F-8E04-FC62F1B04186}.Release|ARM64.ActiveCfg = Release|Any CPU
		{8CC2C512-2F07-4E6F-8E04-FC62F1B04186}.Release|ARM64.Build.0 = Release|Any CPU
		{8CC2C512-2F07-4E6F-8E04-FC62F1B04186}.Release|x64.ActiveCfg = Release|Any CPU
		{8CC2C512-2F07-4E6F-8E04-FC62F1B04186}.Release|x64.Build.0 = Release|Any CPU
		{8CC2C512-2F07-4E6F-8E04-FC62F1B04186}.Release|x86.ActiveCfg = Release|Any CPU
		{8CC2C512-2F07-4E6F-8E04-FC62F1B04186}.Release|x86.Build.0 = Release|Any CPU
		{D4C27DC8-5A58-4BF0-8423-0F3C1FB47B8F}.Debug|Any CPU.ActiveCfg = Debug|Any CPU
		{D4C27DC8-5A58-4BF0-8423-0F3C1FB47B8F}.Debug|Any CPU.Build.0 = Debug|Any CPU
		{D4C27DC8-5A58-4BF0-8423-0F3C1FB47B8F}.Debug|ARM.ActiveCfg = Debug|Any CPU
		{D4C27DC8-5A58-4BF0-8423-0F3C1FB47B8F}.Debug|ARM.Build.0 = Debug|Any CPU
		{D4C27DC8-5A58-4BF0-8423-0F3C1FB47B8F}.Debug|ARM64.ActiveCfg = Debug|Any CPU
		{D4C27DC8-5A58-4BF0-8423-0F3C1FB47B8F}.Debug|ARM64.Build.0 = Debug|Any CPU
		{D4C27DC8-5A58-4BF0-8423-0F3C1FB47B8F}.Debug|x64.ActiveCfg = Debug|Any CPU
		{D4C27DC8-5A58-4BF0-8423-0F3C1FB47B8F}.Debug|x64.Build.0 = Debug|Any CPU
		{D4C27DC8-5A58-4BF0-8423-0F3C1FB47B8F}.Debug|x86.ActiveCfg = Debug|Any CPU
		{D4C27DC8-5A58-4BF0-8423-0F3C1FB47B8F}.Debug|x86.Build.0 = Debug|Any CPU
		{D4C27DC8-5A58-4BF0-8423-0F3C1FB47B8F}.newConf|Any CPU.ActiveCfg = Release|Any CPU
		{D4C27DC8-5A58-4BF0-8423-0F3C1FB47B8F}.newConf|Any CPU.Build.0 = Release|Any CPU
		{D4C27DC8-5A58-4BF0-8423-0F3C1FB47B8F}.newConf|ARM.ActiveCfg = Release|Any CPU
		{D4C27DC8-5A58-4BF0-8423-0F3C1FB47B8F}.newConf|ARM.Build.0 = Release|Any CPU
		{D4C27DC8-5A58-4BF0-8423-0F3C1FB47B8F}.newConf|ARM64.ActiveCfg = Release|Any CPU
		{D4C27DC8-5A58-4BF0-8423-0F3C1FB47B8F}.newConf|ARM64.Build.0 = Release|Any CPU
		{D4C27DC8-5A58-4BF0-8423-0F3C1FB47B8F}.newConf|x64.ActiveCfg = Release|Any CPU
		{D4C27DC8-5A58-4BF0-8423-0F3C1FB47B8F}.newConf|x64.Build.0 = Release|Any CPU
		{D4C27DC8-5A58-4BF0-8423-0F3C1FB47B8F}.newConf|x86.ActiveCfg = Release|Any CPU
		{D4C27DC8-5A58-4BF0-8423-0F3C1FB47B8F}.newConf|x86.Build.0 = Release|Any CPU
		{D4C27DC8-5A58-4BF0-8423-0F3C1FB47B8F}.Release|Any CPU.ActiveCfg = Release|Any CPU
		{D4C27DC8-5A58-4BF0-8423-0F3C1FB47B8F}.Release|Any CPU.Build.0 = Release|Any CPU
		{D4C27DC8-5A58-4BF0-8423-0F3C1FB47B8F}.Release|ARM.ActiveCfg = Release|Any CPU
		{D4C27DC8-5A58-4BF0-8423-0F3C1FB47B8F}.Release|ARM.Build.0 = Release|Any CPU
		{D4C27DC8-5A58-4BF0-8423-0F3C1FB47B8F}.Release|ARM64.ActiveCfg = Release|Any CPU
		{D4C27DC8-5A58-4BF0-8423-0F3C1FB47B8F}.Release|ARM64.Build.0 = Release|Any CPU
		{D4C27DC8-5A58-4BF0-8423-0F3C1FB47B8F}.Release|x64.ActiveCfg = Release|Any CPU
		{D4C27DC8-5A58-4BF0-8423-0F3C1FB47B8F}.Release|x64.Build.0 = Release|Any CPU
		{D4C27DC8-5A58-4BF0-8423-0F3C1FB47B8F}.Release|x86.ActiveCfg = Release|Any CPU
		{D4C27DC8-5A58-4BF0-8423-0F3C1FB47B8F}.Release|x86.Build.0 = Release|Any CPU
		{D9DD38A2-0CB4-43D7-8754-06251DD37D63}.Debug|Any CPU.ActiveCfg = Debug|Any CPU
		{D9DD38A2-0CB4-43D7-8754-06251DD37D63}.Debug|Any CPU.Build.0 = Debug|Any CPU
		{D9DD38A2-0CB4-43D7-8754-06251DD37D63}.Debug|ARM.ActiveCfg = Debug|Any CPU
		{D9DD38A2-0CB4-43D7-8754-06251DD37D63}.Debug|ARM.Build.0 = Debug|Any CPU
		{D9DD38A2-0CB4-43D7-8754-06251DD37D63}.Debug|ARM64.ActiveCfg = Debug|Any CPU
		{D9DD38A2-0CB4-43D7-8754-06251DD37D63}.Debug|ARM64.Build.0 = Debug|Any CPU
		{D9DD38A2-0CB4-43D7-8754-06251DD37D63}.Debug|x64.ActiveCfg = Debug|Any CPU
		{D9DD38A2-0CB4-43D7-8754-06251DD37D63}.Debug|x64.Build.0 = Debug|Any CPU
		{D9DD38A2-0CB4-43D7-8754-06251DD37D63}.Debug|x86.ActiveCfg = Debug|Any CPU
		{D9DD38A2-0CB4-43D7-8754-06251DD37D63}.Debug|x86.Build.0 = Debug|Any CPU
		{D9DD38A2-0CB4-43D7-8754-06251DD37D63}.newConf|Any CPU.ActiveCfg = Release|Any CPU
		{D9DD38A2-0CB4-43D7-8754-06251DD37D63}.newConf|Any CPU.Build.0 = Release|Any CPU
		{D9DD38A2-0CB4-43D7-8754-06251DD37D63}.newConf|ARM.ActiveCfg = Release|Any CPU
		{D9DD38A2-0CB4-43D7-8754-06251DD37D63}.newConf|ARM.Build.0 = Release|Any CPU
		{D9DD38A2-0CB4-43D7-8754-06251DD37D63}.newConf|ARM64.ActiveCfg = Release|Any CPU
		{D9DD38A2-0CB4-43D7-8754-06251DD37D63}.newConf|ARM64.Build.0 = Release|Any CPU
		{D9DD38A2-0CB4-43D7-8754-06251DD37D63}.newConf|x64.ActiveCfg = Release|Any CPU
		{D9DD38A2-0CB4-43D7-8754-06251DD37D63}.newConf|x64.Build.0 = Release|Any CPU
		{D9DD38A2-0CB4-43D7-8754-06251DD37D63}.newConf|x86.ActiveCfg = Release|Any CPU
		{D9DD38A2-0CB4-43D7-8754-06251DD37D63}.newConf|x86.Build.0 = Release|Any CPU
		{D9DD38A2-0CB4-43D7-8754-06251DD37D63}.Release|Any CPU.ActiveCfg = Release|Any CPU
		{D9DD38A2-0CB4-43D7-8754-06251DD37D63}.Release|Any CPU.Build.0 = Release|Any CPU
		{D9DD38A2-0CB4-43D7-8754-06251DD37D63}.Release|ARM.ActiveCfg = Release|Any CPU
		{D9DD38A2-0CB4-43D7-8754-06251DD37D63}.Release|ARM.Build.0 = Release|Any CPU
		{D9DD38A2-0CB4-43D7-8754-06251DD37D63}.Release|ARM64.ActiveCfg = Release|Any CPU
		{D9DD38A2-0CB4-43D7-8754-06251DD37D63}.Release|ARM64.Build.0 = Release|Any CPU
		{D9DD38A2-0CB4-43D7-8754-06251DD37D63}.Release|x64.ActiveCfg = Release|Any CPU
		{D9DD38A2-0CB4-43D7-8754-06251DD37D63}.Release|x64.Build.0 = Release|Any CPU
		{D9DD38A2-0CB4-43D7-8754-06251DD37D63}.Release|x86.ActiveCfg = Release|Any CPU
		{D9DD38A2-0CB4-43D7-8754-06251DD37D63}.Release|x86.Build.0 = Release|Any CPU
		{C30E5A92-8060-46EB-8249-4FE4F603DE18}.Debug|Any CPU.ActiveCfg = Debug|Any CPU
		{C30E5A92-8060-46EB-8249-4FE4F603DE18}.Debug|Any CPU.Build.0 = Debug|Any CPU
		{C30E5A92-8060-46EB-8249-4FE4F603DE18}.Debug|ARM.ActiveCfg = Debug|Any CPU
		{C30E5A92-8060-46EB-8249-4FE4F603DE18}.Debug|ARM.Build.0 = Debug|Any CPU
		{C30E5A92-8060-46EB-8249-4FE4F603DE18}.Debug|ARM64.ActiveCfg = Debug|Any CPU
		{C30E5A92-8060-46EB-8249-4FE4F603DE18}.Debug|ARM64.Build.0 = Debug|Any CPU
		{C30E5A92-8060-46EB-8249-4FE4F603DE18}.Debug|x64.ActiveCfg = Debug|Any CPU
		{C30E5A92-8060-46EB-8249-4FE4F603DE18}.Debug|x64.Build.0 = Debug|Any CPU
		{C30E5A92-8060-46EB-8249-4FE4F603DE18}.Debug|x86.ActiveCfg = Debug|Any CPU
		{C30E5A92-8060-46EB-8249-4FE4F603DE18}.Debug|x86.Build.0 = Debug|Any CPU
		{C30E5A92-8060-46EB-8249-4FE4F603DE18}.newConf|Any CPU.ActiveCfg = Release|Any CPU
		{C30E5A92-8060-46EB-8249-4FE4F603DE18}.newConf|Any CPU.Build.0 = Release|Any CPU
		{C30E5A92-8060-46EB-8249-4FE4F603DE18}.newConf|ARM.ActiveCfg = Release|Any CPU
		{C30E5A92-8060-46EB-8249-4FE4F603DE18}.newConf|ARM.Build.0 = Release|Any CPU
		{C30E5A92-8060-46EB-8249-4FE4F603DE18}.newConf|ARM64.ActiveCfg = Release|Any CPU
		{C30E5A92-8060-46EB-8249-4FE4F603DE18}.newConf|ARM64.Build.0 = Release|Any CPU
		{C30E5A92-8060-46EB-8249-4FE4F603DE18}.newConf|x64.ActiveCfg = Release|Any CPU
		{C30E5A92-8060-46EB-8249-4FE4F603DE18}.newConf|x64.Build.0 = Release|Any CPU
		{C30E5A92-8060-46EB-8249-4FE4F603DE18}.newConf|x86.ActiveCfg = Release|Any CPU
		{C30E5A92-8060-46EB-8249-4FE4F603DE18}.newConf|x86.Build.0 = Release|Any CPU
		{C30E5A92-8060-46EB-8249-4FE4F603DE18}.Release|Any CPU.ActiveCfg = Release|Any CPU
		{C30E5A92-8060-46EB-8249-4FE4F603DE18}.Release|Any CPU.Build.0 = Release|Any CPU
		{C30E5A92-8060-46EB-8249-4FE4F603DE18}.Release|ARM.ActiveCfg = Release|Any CPU
		{C30E5A92-8060-46EB-8249-4FE4F603DE18}.Release|ARM.Build.0 = Release|Any CPU
		{C30E5A92-8060-46EB-8249-4FE4F603DE18}.Release|ARM64.ActiveCfg = Release|Any CPU
		{C30E5A92-8060-46EB-8249-4FE4F603DE18}.Release|ARM64.Build.0 = Release|Any CPU
		{C30E5A92-8060-46EB-8249-4FE4F603DE18}.Release|x64.ActiveCfg = Release|Any CPU
		{C30E5A92-8060-46EB-8249-4FE4F603DE18}.Release|x64.Build.0 = Release|Any CPU
		{C30E5A92-8060-46EB-8249-4FE4F603DE18}.Release|x86.ActiveCfg = Release|Any CPU
		{C30E5A92-8060-46EB-8249-4FE4F603DE18}.Release|x86.Build.0 = Release|Any CPU
		{A7723B13-7513-42AD-9C25-21CE27FF2582}.Debug|Any CPU.ActiveCfg = Debug|Any CPU
		{A7723B13-7513-42AD-9C25-21CE27FF2582}.Debug|Any CPU.Build.0 = Debug|Any CPU
		{A7723B13-7513-42AD-9C25-21CE27FF2582}.Debug|ARM.ActiveCfg = Debug|Any CPU
		{A7723B13-7513-42AD-9C25-21CE27FF2582}.Debug|ARM.Build.0 = Debug|Any CPU
		{A7723B13-7513-42AD-9C25-21CE27FF2582}.Debug|ARM64.ActiveCfg = Debug|Any CPU
		{A7723B13-7513-42AD-9C25-21CE27FF2582}.Debug|ARM64.Build.0 = Debug|Any CPU
		{A7723B13-7513-42AD-9C25-21CE27FF2582}.Debug|x64.ActiveCfg = Debug|Any CPU
		{A7723B13-7513-42AD-9C25-21CE27FF2582}.Debug|x64.Build.0 = Debug|Any CPU
		{A7723B13-7513-42AD-9C25-21CE27FF2582}.Debug|x86.ActiveCfg = Debug|Any CPU
		{A7723B13-7513-42AD-9C25-21CE27FF2582}.Debug|x86.Build.0 = Debug|Any CPU
		{A7723B13-7513-42AD-9C25-21CE27FF2582}.newConf|Any CPU.ActiveCfg = Release|Any CPU
		{A7723B13-7513-42AD-9C25-21CE27FF2582}.newConf|Any CPU.Build.0 = Release|Any CPU
		{A7723B13-7513-42AD-9C25-21CE27FF2582}.newConf|ARM.ActiveCfg = Release|Any CPU
		{A7723B13-7513-42AD-9C25-21CE27FF2582}.newConf|ARM.Build.0 = Release|Any CPU
		{A7723B13-7513-42AD-9C25-21CE27FF2582}.newConf|ARM64.ActiveCfg = Release|Any CPU
		{A7723B13-7513-42AD-9C25-21CE27FF2582}.newConf|ARM64.Build.0 = Release|Any CPU
		{A7723B13-7513-42AD-9C25-21CE27FF2582}.newConf|x64.ActiveCfg = Release|Any CPU
		{A7723B13-7513-42AD-9C25-21CE27FF2582}.newConf|x64.Build.0 = Release|Any CPU
		{A7723B13-7513-42AD-9C25-21CE27FF2582}.newConf|x86.ActiveCfg = Release|Any CPU
		{A7723B13-7513-42AD-9C25-21CE27FF2582}.newConf|x86.Build.0 = Release|Any CPU
		{A7723B13-7513-42AD-9C25-21CE27FF2582}.Release|Any CPU.ActiveCfg = Release|Any CPU
		{A7723B13-7513-42AD-9C25-21CE27FF2582}.Release|Any CPU.Build.0 = Release|Any CPU
		{A7723B13-7513-42AD-9C25-21CE27FF2582}.Release|ARM.ActiveCfg = Release|Any CPU
		{A7723B13-7513-42AD-9C25-21CE27FF2582}.Release|ARM.Build.0 = Release|Any CPU
		{A7723B13-7513-42AD-9C25-21CE27FF2582}.Release|ARM64.ActiveCfg = Release|Any CPU
		{A7723B13-7513-42AD-9C25-21CE27FF2582}.Release|ARM64.Build.0 = Release|Any CPU
		{A7723B13-7513-42AD-9C25-21CE27FF2582}.Release|x64.ActiveCfg = Release|Any CPU
		{A7723B13-7513-42AD-9C25-21CE27FF2582}.Release|x64.Build.0 = Release|Any CPU
		{A7723B13-7513-42AD-9C25-21CE27FF2582}.Release|x86.ActiveCfg = Release|Any CPU
		{A7723B13-7513-42AD-9C25-21CE27FF2582}.Release|x86.Build.0 = Release|Any CPU
		{FAB133D0-C1BB-49CC-8576-8DF48DFAC084}.Debug|Any CPU.ActiveCfg = Debug|Any CPU
		{FAB133D0-C1BB-49CC-8576-8DF48DFAC084}.Debug|Any CPU.Build.0 = Debug|Any CPU
		{FAB133D0-C1BB-49CC-8576-8DF48DFAC084}.Debug|ARM.ActiveCfg = Debug|Any CPU
		{FAB133D0-C1BB-49CC-8576-8DF48DFAC084}.Debug|ARM.Build.0 = Debug|Any CPU
		{FAB133D0-C1BB-49CC-8576-8DF48DFAC084}.Debug|ARM64.ActiveCfg = Debug|Any CPU
		{FAB133D0-C1BB-49CC-8576-8DF48DFAC084}.Debug|ARM64.Build.0 = Debug|Any CPU
		{FAB133D0-C1BB-49CC-8576-8DF48DFAC084}.Debug|x64.ActiveCfg = Debug|Any CPU
		{FAB133D0-C1BB-49CC-8576-8DF48DFAC084}.Debug|x64.Build.0 = Debug|Any CPU
		{FAB133D0-C1BB-49CC-8576-8DF48DFAC084}.Debug|x86.ActiveCfg = Debug|Any CPU
		{FAB133D0-C1BB-49CC-8576-8DF48DFAC084}.Debug|x86.Build.0 = Debug|Any CPU
		{FAB133D0-C1BB-49CC-8576-8DF48DFAC084}.newConf|Any CPU.ActiveCfg = Release|Any CPU
		{FAB133D0-C1BB-49CC-8576-8DF48DFAC084}.newConf|Any CPU.Build.0 = Release|Any CPU
		{FAB133D0-C1BB-49CC-8576-8DF48DFAC084}.newConf|ARM.ActiveCfg = Release|Any CPU
		{FAB133D0-C1BB-49CC-8576-8DF48DFAC084}.newConf|ARM.Build.0 = Release|Any CPU
		{FAB133D0-C1BB-49CC-8576-8DF48DFAC084}.newConf|ARM64.ActiveCfg = Release|Any CPU
		{FAB133D0-C1BB-49CC-8576-8DF48DFAC084}.newConf|ARM64.Build.0 = Release|Any CPU
		{FAB133D0-C1BB-49CC-8576-8DF48DFAC084}.newConf|x64.ActiveCfg = Release|Any CPU
		{FAB133D0-C1BB-49CC-8576-8DF48DFAC084}.newConf|x64.Build.0 = Release|Any CPU
		{FAB133D0-C1BB-49CC-8576-8DF48DFAC084}.newConf|x86.ActiveCfg = Release|Any CPU
		{FAB133D0-C1BB-49CC-8576-8DF48DFAC084}.newConf|x86.Build.0 = Release|Any CPU
		{FAB133D0-C1BB-49CC-8576-8DF48DFAC084}.Release|Any CPU.ActiveCfg = Release|Any CPU
		{FAB133D0-C1BB-49CC-8576-8DF48DFAC084}.Release|Any CPU.Build.0 = Release|Any CPU
		{FAB133D0-C1BB-49CC-8576-8DF48DFAC084}.Release|ARM.ActiveCfg = Release|Any CPU
		{FAB133D0-C1BB-49CC-8576-8DF48DFAC084}.Release|ARM.Build.0 = Release|Any CPU
		{FAB133D0-C1BB-49CC-8576-8DF48DFAC084}.Release|ARM64.ActiveCfg = Release|Any CPU
		{FAB133D0-C1BB-49CC-8576-8DF48DFAC084}.Release|ARM64.Build.0 = Release|Any CPU
		{FAB133D0-C1BB-49CC-8576-8DF48DFAC084}.Release|x64.ActiveCfg = Release|Any CPU
		{FAB133D0-C1BB-49CC-8576-8DF48DFAC084}.Release|x64.Build.0 = Release|Any CPU
		{FAB133D0-C1BB-49CC-8576-8DF48DFAC084}.Release|x86.ActiveCfg = Release|Any CPU
		{FAB133D0-C1BB-49CC-8576-8DF48DFAC084}.Release|x86.Build.0 = Release|Any CPU
		{9C0A357F-0F2E-403B-A5E3-A127C383589F}.Debug|Any CPU.ActiveCfg = Debug|Any CPU
		{9C0A357F-0F2E-403B-A5E3-A127C383589F}.Debug|Any CPU.Build.0 = Debug|Any CPU
		{9C0A357F-0F2E-403B-A5E3-A127C383589F}.Debug|ARM.ActiveCfg = Debug|Any CPU
		{9C0A357F-0F2E-403B-A5E3-A127C383589F}.Debug|ARM.Build.0 = Debug|Any CPU
		{9C0A357F-0F2E-403B-A5E3-A127C383589F}.Debug|ARM64.ActiveCfg = Debug|Any CPU
		{9C0A357F-0F2E-403B-A5E3-A127C383589F}.Debug|ARM64.Build.0 = Debug|Any CPU
		{9C0A357F-0F2E-403B-A5E3-A127C383589F}.Debug|x64.ActiveCfg = Debug|Any CPU
		{9C0A357F-0F2E-403B-A5E3-A127C383589F}.Debug|x64.Build.0 = Debug|Any CPU
		{9C0A357F-0F2E-403B-A5E3-A127C383589F}.Debug|x86.ActiveCfg = Debug|Any CPU
		{9C0A357F-0F2E-403B-A5E3-A127C383589F}.Debug|x86.Build.0 = Debug|Any CPU
		{9C0A357F-0F2E-403B-A5E3-A127C383589F}.newConf|Any CPU.ActiveCfg = Release|Any CPU
		{9C0A357F-0F2E-403B-A5E3-A127C383589F}.newConf|Any CPU.Build.0 = Release|Any CPU
		{9C0A357F-0F2E-403B-A5E3-A127C383589F}.newConf|ARM.ActiveCfg = Release|Any CPU
		{9C0A357F-0F2E-403B-A5E3-A127C383589F}.newConf|ARM.Build.0 = Release|Any CPU
		{9C0A357F-0F2E-403B-A5E3-A127C383589F}.newConf|ARM64.ActiveCfg = Release|Any CPU
		{9C0A357F-0F2E-403B-A5E3-A127C383589F}.newConf|ARM64.Build.0 = Release|Any CPU
		{9C0A357F-0F2E-403B-A5E3-A127C383589F}.newConf|x64.ActiveCfg = Release|Any CPU
		{9C0A357F-0F2E-403B-A5E3-A127C383589F}.newConf|x64.Build.0 = Release|Any CPU
		{9C0A357F-0F2E-403B-A5E3-A127C383589F}.newConf|x86.ActiveCfg = Release|Any CPU
		{9C0A357F-0F2E-403B-A5E3-A127C383589F}.newConf|x86.Build.0 = Release|Any CPU
		{9C0A357F-0F2E-403B-A5E3-A127C383589F}.Release|Any CPU.ActiveCfg = Release|Any CPU
		{9C0A357F-0F2E-403B-A5E3-A127C383589F}.Release|Any CPU.Build.0 = Release|Any CPU
		{9C0A357F-0F2E-403B-A5E3-A127C383589F}.Release|ARM.ActiveCfg = Release|Any CPU
		{9C0A357F-0F2E-403B-A5E3-A127C383589F}.Release|ARM.Build.0 = Release|Any CPU
		{9C0A357F-0F2E-403B-A5E3-A127C383589F}.Release|ARM64.ActiveCfg = Release|Any CPU
		{9C0A357F-0F2E-403B-A5E3-A127C383589F}.Release|ARM64.Build.0 = Release|Any CPU
		{9C0A357F-0F2E-403B-A5E3-A127C383589F}.Release|x64.ActiveCfg = Release|Any CPU
		{9C0A357F-0F2E-403B-A5E3-A127C383589F}.Release|x64.Build.0 = Release|Any CPU
		{9C0A357F-0F2E-403B-A5E3-A127C383589F}.Release|x86.ActiveCfg = Release|Any CPU
		{9C0A357F-0F2E-403B-A5E3-A127C383589F}.Release|x86.Build.0 = Release|Any CPU
		{F1151C6B-C20E-4ED6-B2C3-7AA3D3EED508}.Debug|Any CPU.ActiveCfg = Debug|Any CPU
		{F1151C6B-C20E-4ED6-B2C3-7AA3D3EED508}.Debug|Any CPU.Build.0 = Debug|Any CPU
		{F1151C6B-C20E-4ED6-B2C3-7AA3D3EED508}.Debug|ARM.ActiveCfg = Debug|Any CPU
		{F1151C6B-C20E-4ED6-B2C3-7AA3D3EED508}.Debug|ARM.Build.0 = Debug|Any CPU
		{F1151C6B-C20E-4ED6-B2C3-7AA3D3EED508}.Debug|ARM64.ActiveCfg = Debug|Any CPU
		{F1151C6B-C20E-4ED6-B2C3-7AA3D3EED508}.Debug|ARM64.Build.0 = Debug|Any CPU
		{F1151C6B-C20E-4ED6-B2C3-7AA3D3EED508}.Debug|x64.ActiveCfg = Debug|Any CPU
		{F1151C6B-C20E-4ED6-B2C3-7AA3D3EED508}.Debug|x64.Build.0 = Debug|Any CPU
		{F1151C6B-C20E-4ED6-B2C3-7AA3D3EED508}.Debug|x86.ActiveCfg = Debug|Any CPU
		{F1151C6B-C20E-4ED6-B2C3-7AA3D3EED508}.Debug|x86.Build.0 = Debug|Any CPU
		{F1151C6B-C20E-4ED6-B2C3-7AA3D3EED508}.newConf|Any CPU.ActiveCfg = Release|Any CPU
		{F1151C6B-C20E-4ED6-B2C3-7AA3D3EED508}.newConf|Any CPU.Build.0 = Release|Any CPU
		{F1151C6B-C20E-4ED6-B2C3-7AA3D3EED508}.newConf|ARM.ActiveCfg = Release|Any CPU
		{F1151C6B-C20E-4ED6-B2C3-7AA3D3EED508}.newConf|ARM.Build.0 = Release|Any CPU
		{F1151C6B-C20E-4ED6-B2C3-7AA3D3EED508}.newConf|ARM64.ActiveCfg = Release|Any CPU
		{F1151C6B-C20E-4ED6-B2C3-7AA3D3EED508}.newConf|ARM64.Build.0 = Release|Any CPU
		{F1151C6B-C20E-4ED6-B2C3-7AA3D3EED508}.newConf|x64.ActiveCfg = Release|Any CPU
		{F1151C6B-C20E-4ED6-B2C3-7AA3D3EED508}.newConf|x64.Build.0 = Release|Any CPU
		{F1151C6B-C20E-4ED6-B2C3-7AA3D3EED508}.newConf|x86.ActiveCfg = Release|Any CPU
		{F1151C6B-C20E-4ED6-B2C3-7AA3D3EED508}.newConf|x86.Build.0 = Release|Any CPU
		{F1151C6B-C20E-4ED6-B2C3-7AA3D3EED508}.Release|Any CPU.ActiveCfg = Release|Any CPU
		{F1151C6B-C20E-4ED6-B2C3-7AA3D3EED508}.Release|Any CPU.Build.0 = Release|Any CPU
		{F1151C6B-C20E-4ED6-B2C3-7AA3D3EED508}.Release|ARM.ActiveCfg = Release|Any CPU
		{F1151C6B-C20E-4ED6-B2C3-7AA3D3EED508}.Release|ARM.Build.0 = Release|Any CPU
		{F1151C6B-C20E-4ED6-B2C3-7AA3D3EED508}.Release|ARM64.ActiveCfg = Release|Any CPU
		{F1151C6B-C20E-4ED6-B2C3-7AA3D3EED508}.Release|ARM64.Build.0 = Release|Any CPU
		{F1151C6B-C20E-4ED6-B2C3-7AA3D3EED508}.Release|x64.ActiveCfg = Release|Any CPU
		{F1151C6B-C20E-4ED6-B2C3-7AA3D3EED508}.Release|x64.Build.0 = Release|Any CPU
		{F1151C6B-C20E-4ED6-B2C3-7AA3D3EED508}.Release|x86.ActiveCfg = Release|Any CPU
		{F1151C6B-C20E-4ED6-B2C3-7AA3D3EED508}.Release|x86.Build.0 = Release|Any CPU
		{333B8164-88B7-409D-9A1E-1B8B11E3425D}.Debug|Any CPU.ActiveCfg = Debug|Any CPU
		{333B8164-88B7-409D-9A1E-1B8B11E3425D}.Debug|Any CPU.Build.0 = Debug|Any CPU
		{333B8164-88B7-409D-9A1E-1B8B11E3425D}.Debug|ARM.ActiveCfg = Debug|Any CPU
		{333B8164-88B7-409D-9A1E-1B8B11E3425D}.Debug|ARM.Build.0 = Debug|Any CPU
		{333B8164-88B7-409D-9A1E-1B8B11E3425D}.Debug|ARM64.ActiveCfg = Debug|Any CPU
		{333B8164-88B7-409D-9A1E-1B8B11E3425D}.Debug|ARM64.Build.0 = Debug|Any CPU
		{333B8164-88B7-409D-9A1E-1B8B11E3425D}.Debug|x64.ActiveCfg = Debug|Any CPU
		{333B8164-88B7-409D-9A1E-1B8B11E3425D}.Debug|x64.Build.0 = Debug|Any CPU
		{333B8164-88B7-409D-9A1E-1B8B11E3425D}.Debug|x86.ActiveCfg = Debug|Any CPU
		{333B8164-88B7-409D-9A1E-1B8B11E3425D}.Debug|x86.Build.0 = Debug|Any CPU
		{333B8164-88B7-409D-9A1E-1B8B11E3425D}.newConf|Any CPU.ActiveCfg = Release|Any CPU
		{333B8164-88B7-409D-9A1E-1B8B11E3425D}.newConf|Any CPU.Build.0 = Release|Any CPU
		{333B8164-88B7-409D-9A1E-1B8B11E3425D}.newConf|ARM.ActiveCfg = Release|Any CPU
		{333B8164-88B7-409D-9A1E-1B8B11E3425D}.newConf|ARM.Build.0 = Release|Any CPU
		{333B8164-88B7-409D-9A1E-1B8B11E3425D}.newConf|ARM64.ActiveCfg = Release|Any CPU
		{333B8164-88B7-409D-9A1E-1B8B11E3425D}.newConf|ARM64.Build.0 = Release|Any CPU
		{333B8164-88B7-409D-9A1E-1B8B11E3425D}.newConf|x64.ActiveCfg = Release|Any CPU
		{333B8164-88B7-409D-9A1E-1B8B11E3425D}.newConf|x64.Build.0 = Release|Any CPU
		{333B8164-88B7-409D-9A1E-1B8B11E3425D}.newConf|x86.ActiveCfg = Release|Any CPU
		{333B8164-88B7-409D-9A1E-1B8B11E3425D}.newConf|x86.Build.0 = Release|Any CPU
		{333B8164-88B7-409D-9A1E-1B8B11E3425D}.Release|Any CPU.ActiveCfg = Release|Any CPU
		{333B8164-88B7-409D-9A1E-1B8B11E3425D}.Release|Any CPU.Build.0 = Release|Any CPU
		{333B8164-88B7-409D-9A1E-1B8B11E3425D}.Release|ARM.ActiveCfg = Release|Any CPU
		{333B8164-88B7-409D-9A1E-1B8B11E3425D}.Release|ARM.Build.0 = Release|Any CPU
		{333B8164-88B7-409D-9A1E-1B8B11E3425D}.Release|ARM64.ActiveCfg = Release|Any CPU
		{333B8164-88B7-409D-9A1E-1B8B11E3425D}.Release|ARM64.Build.0 = Release|Any CPU
		{333B8164-88B7-409D-9A1E-1B8B11E3425D}.Release|x64.ActiveCfg = Release|Any CPU
		{333B8164-88B7-409D-9A1E-1B8B11E3425D}.Release|x64.Build.0 = Release|Any CPU
		{333B8164-88B7-409D-9A1E-1B8B11E3425D}.Release|x86.ActiveCfg = Release|Any CPU
		{333B8164-88B7-409D-9A1E-1B8B11E3425D}.Release|x86.Build.0 = Release|Any CPU
		{63D310CD-AA56-40F3-90F3-9E9FB57AC50B}.Debug|Any CPU.ActiveCfg = Debug|Any CPU
		{63D310CD-AA56-40F3-90F3-9E9FB57AC50B}.Debug|Any CPU.Build.0 = Debug|Any CPU
		{63D310CD-AA56-40F3-90F3-9E9FB57AC50B}.Debug|ARM.ActiveCfg = Debug|Any CPU
		{63D310CD-AA56-40F3-90F3-9E9FB57AC50B}.Debug|ARM.Build.0 = Debug|Any CPU
		{63D310CD-AA56-40F3-90F3-9E9FB57AC50B}.Debug|ARM64.ActiveCfg = Debug|Any CPU
		{63D310CD-AA56-40F3-90F3-9E9FB57AC50B}.Debug|ARM64.Build.0 = Debug|Any CPU
		{63D310CD-AA56-40F3-90F3-9E9FB57AC50B}.Debug|x64.ActiveCfg = Debug|Any CPU
		{63D310CD-AA56-40F3-90F3-9E9FB57AC50B}.Debug|x64.Build.0 = Debug|Any CPU
		{63D310CD-AA56-40F3-90F3-9E9FB57AC50B}.Debug|x86.ActiveCfg = Debug|Any CPU
		{63D310CD-AA56-40F3-90F3-9E9FB57AC50B}.Debug|x86.Build.0 = Debug|Any CPU
		{63D310CD-AA56-40F3-90F3-9E9FB57AC50B}.newConf|Any CPU.ActiveCfg = Release|Any CPU
		{63D310CD-AA56-40F3-90F3-9E9FB57AC50B}.newConf|Any CPU.Build.0 = Release|Any CPU
		{63D310CD-AA56-40F3-90F3-9E9FB57AC50B}.newConf|ARM.ActiveCfg = Release|Any CPU
		{63D310CD-AA56-40F3-90F3-9E9FB57AC50B}.newConf|ARM.Build.0 = Release|Any CPU
		{63D310CD-AA56-40F3-90F3-9E9FB57AC50B}.newConf|ARM64.ActiveCfg = Release|Any CPU
		{63D310CD-AA56-40F3-90F3-9E9FB57AC50B}.newConf|ARM64.Build.0 = Release|Any CPU
		{63D310CD-AA56-40F3-90F3-9E9FB57AC50B}.newConf|x64.ActiveCfg = Release|Any CPU
		{63D310CD-AA56-40F3-90F3-9E9FB57AC50B}.newConf|x64.Build.0 = Release|Any CPU
		{63D310CD-AA56-40F3-90F3-9E9FB57AC50B}.newConf|x86.ActiveCfg = Release|Any CPU
		{63D310CD-AA56-40F3-90F3-9E9FB57AC50B}.newConf|x86.Build.0 = Release|Any CPU
		{63D310CD-AA56-40F3-90F3-9E9FB57AC50B}.Release|Any CPU.ActiveCfg = Release|Any CPU
		{63D310CD-AA56-40F3-90F3-9E9FB57AC50B}.Release|Any CPU.Build.0 = Release|Any CPU
		{63D310CD-AA56-40F3-90F3-9E9FB57AC50B}.Release|ARM.ActiveCfg = Release|Any CPU
		{63D310CD-AA56-40F3-90F3-9E9FB57AC50B}.Release|ARM.Build.0 = Release|Any CPU
		{63D310CD-AA56-40F3-90F3-9E9FB57AC50B}.Release|ARM64.ActiveCfg = Release|Any CPU
		{63D310CD-AA56-40F3-90F3-9E9FB57AC50B}.Release|ARM64.Build.0 = Release|Any CPU
		{63D310CD-AA56-40F3-90F3-9E9FB57AC50B}.Release|x64.ActiveCfg = Release|Any CPU
		{63D310CD-AA56-40F3-90F3-9E9FB57AC50B}.Release|x64.Build.0 = Release|Any CPU
		{63D310CD-AA56-40F3-90F3-9E9FB57AC50B}.Release|x86.ActiveCfg = Release|Any CPU
		{63D310CD-AA56-40F3-90F3-9E9FB57AC50B}.Release|x86.Build.0 = Release|Any CPU
		{93735FDD-D105-4391-B516-E24697F2F7DE}.Debug|Any CPU.ActiveCfg = Debug|Any CPU
		{93735FDD-D105-4391-B516-E24697F2F7DE}.Debug|Any CPU.Build.0 = Debug|Any CPU
		{93735FDD-D105-4391-B516-E24697F2F7DE}.Debug|ARM.ActiveCfg = Debug|Any CPU
		{93735FDD-D105-4391-B516-E24697F2F7DE}.Debug|ARM.Build.0 = Debug|Any CPU
		{93735FDD-D105-4391-B516-E24697F2F7DE}.Debug|ARM64.ActiveCfg = Debug|Any CPU
		{93735FDD-D105-4391-B516-E24697F2F7DE}.Debug|ARM64.Build.0 = Debug|Any CPU
		{93735FDD-D105-4391-B516-E24697F2F7DE}.Debug|x64.ActiveCfg = Debug|Any CPU
		{93735FDD-D105-4391-B516-E24697F2F7DE}.Debug|x64.Build.0 = Debug|Any CPU
		{93735FDD-D105-4391-B516-E24697F2F7DE}.Debug|x86.ActiveCfg = Debug|Any CPU
		{93735FDD-D105-4391-B516-E24697F2F7DE}.Debug|x86.Build.0 = Debug|Any CPU
		{93735FDD-D105-4391-B516-E24697F2F7DE}.newConf|Any CPU.ActiveCfg = Release|Any CPU
		{93735FDD-D105-4391-B516-E24697F2F7DE}.newConf|Any CPU.Build.0 = Release|Any CPU
		{93735FDD-D105-4391-B516-E24697F2F7DE}.newConf|ARM.ActiveCfg = Release|Any CPU
		{93735FDD-D105-4391-B516-E24697F2F7DE}.newConf|ARM.Build.0 = Release|Any CPU
		{93735FDD-D105-4391-B516-E24697F2F7DE}.newConf|ARM64.ActiveCfg = Release|Any CPU
		{93735FDD-D105-4391-B516-E24697F2F7DE}.newConf|ARM64.Build.0 = Release|Any CPU
		{93735FDD-D105-4391-B516-E24697F2F7DE}.newConf|x64.ActiveCfg = Release|Any CPU
		{93735FDD-D105-4391-B516-E24697F2F7DE}.newConf|x64.Build.0 = Release|Any CPU
		{93735FDD-D105-4391-B516-E24697F2F7DE}.newConf|x86.ActiveCfg = Release|Any CPU
		{93735FDD-D105-4391-B516-E24697F2F7DE}.newConf|x86.Build.0 = Release|Any CPU
		{93735FDD-D105-4391-B516-E24697F2F7DE}.Release|Any CPU.ActiveCfg = Release|Any CPU
		{93735FDD-D105-4391-B516-E24697F2F7DE}.Release|Any CPU.Build.0 = Release|Any CPU
		{93735FDD-D105-4391-B516-E24697F2F7DE}.Release|ARM.ActiveCfg = Release|Any CPU
		{93735FDD-D105-4391-B516-E24697F2F7DE}.Release|ARM.Build.0 = Release|Any CPU
		{93735FDD-D105-4391-B516-E24697F2F7DE}.Release|ARM64.ActiveCfg = Release|Any CPU
		{93735FDD-D105-4391-B516-E24697F2F7DE}.Release|ARM64.Build.0 = Release|Any CPU
		{93735FDD-D105-4391-B516-E24697F2F7DE}.Release|x64.ActiveCfg = Release|Any CPU
		{93735FDD-D105-4391-B516-E24697F2F7DE}.Release|x64.Build.0 = Release|Any CPU
		{93735FDD-D105-4391-B516-E24697F2F7DE}.Release|x86.ActiveCfg = Release|Any CPU
		{93735FDD-D105-4391-B516-E24697F2F7DE}.Release|x86.Build.0 = Release|Any CPU
		{5DA84B2D-1A42-4C60-8EB7-BA8E8AAE5509}.Debug|Any CPU.ActiveCfg = Debug|Any CPU
		{5DA84B2D-1A42-4C60-8EB7-BA8E8AAE5509}.Debug|Any CPU.Build.0 = Debug|Any CPU
		{5DA84B2D-1A42-4C60-8EB7-BA8E8AAE5509}.Debug|ARM.ActiveCfg = Debug|Any CPU
		{5DA84B2D-1A42-4C60-8EB7-BA8E8AAE5509}.Debug|ARM.Build.0 = Debug|Any CPU
		{5DA84B2D-1A42-4C60-8EB7-BA8E8AAE5509}.Debug|ARM64.ActiveCfg = Debug|Any CPU
		{5DA84B2D-1A42-4C60-8EB7-BA8E8AAE5509}.Debug|ARM64.Build.0 = Debug|Any CPU
		{5DA84B2D-1A42-4C60-8EB7-BA8E8AAE5509}.Debug|x64.ActiveCfg = Debug|Any CPU
		{5DA84B2D-1A42-4C60-8EB7-BA8E8AAE5509}.Debug|x64.Build.0 = Debug|Any CPU
		{5DA84B2D-1A42-4C60-8EB7-BA8E8AAE5509}.Debug|x86.ActiveCfg = Debug|Any CPU
		{5DA84B2D-1A42-4C60-8EB7-BA8E8AAE5509}.Debug|x86.Build.0 = Debug|Any CPU
		{5DA84B2D-1A42-4C60-8EB7-BA8E8AAE5509}.newConf|Any CPU.ActiveCfg = Release|Any CPU
		{5DA84B2D-1A42-4C60-8EB7-BA8E8AAE5509}.newConf|Any CPU.Build.0 = Release|Any CPU
		{5DA84B2D-1A42-4C60-8EB7-BA8E8AAE5509}.newConf|ARM.ActiveCfg = Release|Any CPU
		{5DA84B2D-1A42-4C60-8EB7-BA8E8AAE5509}.newConf|ARM.Build.0 = Release|Any CPU
		{5DA84B2D-1A42-4C60-8EB7-BA8E8AAE5509}.newConf|ARM64.ActiveCfg = Release|Any CPU
		{5DA84B2D-1A42-4C60-8EB7-BA8E8AAE5509}.newConf|ARM64.Build.0 = Release|Any CPU
		{5DA84B2D-1A42-4C60-8EB7-BA8E8AAE5509}.newConf|x64.ActiveCfg = Release|Any CPU
		{5DA84B2D-1A42-4C60-8EB7-BA8E8AAE5509}.newConf|x64.Build.0 = Release|Any CPU
		{5DA84B2D-1A42-4C60-8EB7-BA8E8AAE5509}.newConf|x86.ActiveCfg = Release|Any CPU
		{5DA84B2D-1A42-4C60-8EB7-BA8E8AAE5509}.newConf|x86.Build.0 = Release|Any CPU
		{5DA84B2D-1A42-4C60-8EB7-BA8E8AAE5509}.Release|Any CPU.ActiveCfg = Release|Any CPU
		{5DA84B2D-1A42-4C60-8EB7-BA8E8AAE5509}.Release|Any CPU.Build.0 = Release|Any CPU
		{5DA84B2D-1A42-4C60-8EB7-BA8E8AAE5509}.Release|ARM.ActiveCfg = Release|Any CPU
		{5DA84B2D-1A42-4C60-8EB7-BA8E8AAE5509}.Release|ARM.Build.0 = Release|Any CPU
		{5DA84B2D-1A42-4C60-8EB7-BA8E8AAE5509}.Release|ARM64.ActiveCfg = Release|Any CPU
		{5DA84B2D-1A42-4C60-8EB7-BA8E8AAE5509}.Release|ARM64.Build.0 = Release|Any CPU
		{5DA84B2D-1A42-4C60-8EB7-BA8E8AAE5509}.Release|x64.ActiveCfg = Release|Any CPU
		{5DA84B2D-1A42-4C60-8EB7-BA8E8AAE5509}.Release|x64.Build.0 = Release|Any CPU
		{5DA84B2D-1A42-4C60-8EB7-BA8E8AAE5509}.Release|x86.ActiveCfg = Release|Any CPU
		{5DA84B2D-1A42-4C60-8EB7-BA8E8AAE5509}.Release|x86.Build.0 = Release|Any CPU
		{1C656858-5A9A-405B-A099-C7C98B8C6C05}.Debug|Any CPU.ActiveCfg = Debug|Any CPU
		{1C656858-5A9A-405B-A099-C7C98B8C6C05}.Debug|Any CPU.Build.0 = Debug|Any CPU
		{1C656858-5A9A-405B-A099-C7C98B8C6C05}.Debug|ARM.ActiveCfg = Debug|Any CPU
		{1C656858-5A9A-405B-A099-C7C98B8C6C05}.Debug|ARM.Build.0 = Debug|Any CPU
		{1C656858-5A9A-405B-A099-C7C98B8C6C05}.Debug|ARM64.ActiveCfg = Debug|Any CPU
		{1C656858-5A9A-405B-A099-C7C98B8C6C05}.Debug|ARM64.Build.0 = Debug|Any CPU
		{1C656858-5A9A-405B-A099-C7C98B8C6C05}.Debug|x64.ActiveCfg = Debug|Any CPU
		{1C656858-5A9A-405B-A099-C7C98B8C6C05}.Debug|x64.Build.0 = Debug|Any CPU
		{1C656858-5A9A-405B-A099-C7C98B8C6C05}.Debug|x86.ActiveCfg = Debug|Any CPU
		{1C656858-5A9A-405B-A099-C7C98B8C6C05}.Debug|x86.Build.0 = Debug|Any CPU
		{1C656858-5A9A-405B-A099-C7C98B8C6C05}.newConf|Any CPU.ActiveCfg = Release|Any CPU
		{1C656858-5A9A-405B-A099-C7C98B8C6C05}.newConf|Any CPU.Build.0 = Release|Any CPU
		{1C656858-5A9A-405B-A099-C7C98B8C6C05}.newConf|ARM.ActiveCfg = Release|Any CPU
		{1C656858-5A9A-405B-A099-C7C98B8C6C05}.newConf|ARM.Build.0 = Release|Any CPU
		{1C656858-5A9A-405B-A099-C7C98B8C6C05}.newConf|ARM64.ActiveCfg = Release|Any CPU
		{1C656858-5A9A-405B-A099-C7C98B8C6C05}.newConf|ARM64.Build.0 = Release|Any CPU
		{1C656858-5A9A-405B-A099-C7C98B8C6C05}.newConf|x64.ActiveCfg = Release|Any CPU
		{1C656858-5A9A-405B-A099-C7C98B8C6C05}.newConf|x64.Build.0 = Release|Any CPU
		{1C656858-5A9A-405B-A099-C7C98B8C6C05}.newConf|x86.ActiveCfg = Release|Any CPU
		{1C656858-5A9A-405B-A099-C7C98B8C6C05}.newConf|x86.Build.0 = Release|Any CPU
		{1C656858-5A9A-405B-A099-C7C98B8C6C05}.Release|Any CPU.ActiveCfg = Release|Any CPU
		{1C656858-5A9A-405B-A099-C7C98B8C6C05}.Release|Any CPU.Build.0 = Release|Any CPU
		{1C656858-5A9A-405B-A099-C7C98B8C6C05}.Release|ARM.ActiveCfg = Release|Any CPU
		{1C656858-5A9A-405B-A099-C7C98B8C6C05}.Release|ARM.Build.0 = Release|Any CPU
		{1C656858-5A9A-405B-A099-C7C98B8C6C05}.Release|ARM64.ActiveCfg = Release|Any CPU
		{1C656858-5A9A-405B-A099-C7C98B8C6C05}.Release|ARM64.Build.0 = Release|Any CPU
		{1C656858-5A9A-405B-A099-C7C98B8C6C05}.Release|x64.ActiveCfg = Release|Any CPU
		{1C656858-5A9A-405B-A099-C7C98B8C6C05}.Release|x64.Build.0 = Release|Any CPU
		{1C656858-5A9A-405B-A099-C7C98B8C6C05}.Release|x86.ActiveCfg = Release|Any CPU
		{1C656858-5A9A-405B-A099-C7C98B8C6C05}.Release|x86.Build.0 = Release|Any CPU
		{C92BD028-B7FB-4B30-A075-F56CECD0428A}.Debug|Any CPU.ActiveCfg = Debug|Any CPU
		{C92BD028-B7FB-4B30-A075-F56CECD0428A}.Debug|Any CPU.Build.0 = Debug|Any CPU
		{C92BD028-B7FB-4B30-A075-F56CECD0428A}.Debug|ARM.ActiveCfg = Debug|Any CPU
		{C92BD028-B7FB-4B30-A075-F56CECD0428A}.Debug|ARM.Build.0 = Debug|Any CPU
		{C92BD028-B7FB-4B30-A075-F56CECD0428A}.Debug|ARM64.ActiveCfg = Debug|Any CPU
		{C92BD028-B7FB-4B30-A075-F56CECD0428A}.Debug|ARM64.Build.0 = Debug|Any CPU
		{C92BD028-B7FB-4B30-A075-F56CECD0428A}.Debug|x64.ActiveCfg = Debug|Any CPU
		{C92BD028-B7FB-4B30-A075-F56CECD0428A}.Debug|x64.Build.0 = Debug|Any CPU
		{C92BD028-B7FB-4B30-A075-F56CECD0428A}.Debug|x86.ActiveCfg = Debug|Any CPU
		{C92BD028-B7FB-4B30-A075-F56CECD0428A}.Debug|x86.Build.0 = Debug|Any CPU
		{C92BD028-B7FB-4B30-A075-F56CECD0428A}.newConf|Any CPU.ActiveCfg = Release|Any CPU
		{C92BD028-B7FB-4B30-A075-F56CECD0428A}.newConf|Any CPU.Build.0 = Release|Any CPU
		{C92BD028-B7FB-4B30-A075-F56CECD0428A}.newConf|ARM.ActiveCfg = Release|Any CPU
		{C92BD028-B7FB-4B30-A075-F56CECD0428A}.newConf|ARM.Build.0 = Release|Any CPU
		{C92BD028-B7FB-4B30-A075-F56CECD0428A}.newConf|ARM64.ActiveCfg = Release|Any CPU
		{C92BD028-B7FB-4B30-A075-F56CECD0428A}.newConf|ARM64.Build.0 = Release|Any CPU
		{C92BD028-B7FB-4B30-A075-F56CECD0428A}.newConf|x64.ActiveCfg = Release|Any CPU
		{C92BD028-B7FB-4B30-A075-F56CECD0428A}.newConf|x64.Build.0 = Release|Any CPU
		{C92BD028-B7FB-4B30-A075-F56CECD0428A}.newConf|x86.ActiveCfg = Release|Any CPU
		{C92BD028-B7FB-4B30-A075-F56CECD0428A}.newConf|x86.Build.0 = Release|Any CPU
		{C92BD028-B7FB-4B30-A075-F56CECD0428A}.Release|Any CPU.ActiveCfg = Release|Any CPU
		{C92BD028-B7FB-4B30-A075-F56CECD0428A}.Release|Any CPU.Build.0 = Release|Any CPU
		{C92BD028-B7FB-4B30-A075-F56CECD0428A}.Release|ARM.ActiveCfg = Release|Any CPU
		{C92BD028-B7FB-4B30-A075-F56CECD0428A}.Release|ARM.Build.0 = Release|Any CPU
		{C92BD028-B7FB-4B30-A075-F56CECD0428A}.Release|ARM64.ActiveCfg = Release|Any CPU
		{C92BD028-B7FB-4B30-A075-F56CECD0428A}.Release|ARM64.Build.0 = Release|Any CPU
		{C92BD028-B7FB-4B30-A075-F56CECD0428A}.Release|x64.ActiveCfg = Release|Any CPU
		{C92BD028-B7FB-4B30-A075-F56CECD0428A}.Release|x64.Build.0 = Release|Any CPU
		{C92BD028-B7FB-4B30-A075-F56CECD0428A}.Release|x86.ActiveCfg = Release|Any CPU
		{C92BD028-B7FB-4B30-A075-F56CECD0428A}.Release|x86.Build.0 = Release|Any CPU
		{2D73EB3F-A265-4571-A4BC-C3525F4BCB30}.Debug|Any CPU.ActiveCfg = Debug|Any CPU
		{2D73EB3F-A265-4571-A4BC-C3525F4BCB30}.Debug|Any CPU.Build.0 = Debug|Any CPU
		{2D73EB3F-A265-4571-A4BC-C3525F4BCB30}.Debug|ARM.ActiveCfg = Debug|Any CPU
		{2D73EB3F-A265-4571-A4BC-C3525F4BCB30}.Debug|ARM.Build.0 = Debug|Any CPU
		{2D73EB3F-A265-4571-A4BC-C3525F4BCB30}.Debug|ARM64.ActiveCfg = Debug|Any CPU
		{2D73EB3F-A265-4571-A4BC-C3525F4BCB30}.Debug|ARM64.Build.0 = Debug|Any CPU
		{2D73EB3F-A265-4571-A4BC-C3525F4BCB30}.Debug|x64.ActiveCfg = Debug|Any CPU
		{2D73EB3F-A265-4571-A4BC-C3525F4BCB30}.Debug|x64.Build.0 = Debug|Any CPU
		{2D73EB3F-A265-4571-A4BC-C3525F4BCB30}.Debug|x86.ActiveCfg = Debug|Any CPU
		{2D73EB3F-A265-4571-A4BC-C3525F4BCB30}.Debug|x86.Build.0 = Debug|Any CPU
		{2D73EB3F-A265-4571-A4BC-C3525F4BCB30}.newConf|Any CPU.ActiveCfg = Release|Any CPU
		{2D73EB3F-A265-4571-A4BC-C3525F4BCB30}.newConf|Any CPU.Build.0 = Release|Any CPU
		{2D73EB3F-A265-4571-A4BC-C3525F4BCB30}.newConf|ARM.ActiveCfg = Release|Any CPU
		{2D73EB3F-A265-4571-A4BC-C3525F4BCB30}.newConf|ARM.Build.0 = Release|Any CPU
		{2D73EB3F-A265-4571-A4BC-C3525F4BCB30}.newConf|ARM64.ActiveCfg = Release|Any CPU
		{2D73EB3F-A265-4571-A4BC-C3525F4BCB30}.newConf|ARM64.Build.0 = Release|Any CPU
		{2D73EB3F-A265-4571-A4BC-C3525F4BCB30}.newConf|x64.ActiveCfg = Release|Any CPU
		{2D73EB3F-A265-4571-A4BC-C3525F4BCB30}.newConf|x64.Build.0 = Release|Any CPU
		{2D73EB3F-A265-4571-A4BC-C3525F4BCB30}.newConf|x86.ActiveCfg = Release|Any CPU
		{2D73EB3F-A265-4571-A4BC-C3525F4BCB30}.newConf|x86.Build.0 = Release|Any CPU
		{2D73EB3F-A265-4571-A4BC-C3525F4BCB30}.Release|Any CPU.ActiveCfg = Release|Any CPU
		{2D73EB3F-A265-4571-A4BC-C3525F4BCB30}.Release|Any CPU.Build.0 = Release|Any CPU
		{2D73EB3F-A265-4571-A4BC-C3525F4BCB30}.Release|ARM.ActiveCfg = Release|Any CPU
		{2D73EB3F-A265-4571-A4BC-C3525F4BCB30}.Release|ARM.Build.0 = Release|Any CPU
		{2D73EB3F-A265-4571-A4BC-C3525F4BCB30}.Release|ARM64.ActiveCfg = Release|Any CPU
		{2D73EB3F-A265-4571-A4BC-C3525F4BCB30}.Release|ARM64.Build.0 = Release|Any CPU
		{2D73EB3F-A265-4571-A4BC-C3525F4BCB30}.Release|x64.ActiveCfg = Release|Any CPU
		{2D73EB3F-A265-4571-A4BC-C3525F4BCB30}.Release|x64.Build.0 = Release|Any CPU
		{2D73EB3F-A265-4571-A4BC-C3525F4BCB30}.Release|x86.ActiveCfg = Release|Any CPU
		{2D73EB3F-A265-4571-A4BC-C3525F4BCB30}.Release|x86.Build.0 = Release|Any CPU
		{67602E6E-87D7-4A33-A595-CA87F7CCE92D}.Debug|Any CPU.ActiveCfg = Debug|Any CPU
		{67602E6E-87D7-4A33-A595-CA87F7CCE92D}.Debug|Any CPU.Build.0 = Debug|Any CPU
		{67602E6E-87D7-4A33-A595-CA87F7CCE92D}.Debug|ARM.ActiveCfg = Debug|Any CPU
		{67602E6E-87D7-4A33-A595-CA87F7CCE92D}.Debug|ARM.Build.0 = Debug|Any CPU
		{67602E6E-87D7-4A33-A595-CA87F7CCE92D}.Debug|ARM64.ActiveCfg = Debug|Any CPU
		{67602E6E-87D7-4A33-A595-CA87F7CCE92D}.Debug|ARM64.Build.0 = Debug|Any CPU
		{67602E6E-87D7-4A33-A595-CA87F7CCE92D}.Debug|x64.ActiveCfg = Debug|Any CPU
		{67602E6E-87D7-4A33-A595-CA87F7CCE92D}.Debug|x64.Build.0 = Debug|Any CPU
		{67602E6E-87D7-4A33-A595-CA87F7CCE92D}.Debug|x86.ActiveCfg = Debug|Any CPU
		{67602E6E-87D7-4A33-A595-CA87F7CCE92D}.Debug|x86.Build.0 = Debug|Any CPU
		{67602E6E-87D7-4A33-A595-CA87F7CCE92D}.newConf|Any CPU.ActiveCfg = Release|Any CPU
		{67602E6E-87D7-4A33-A595-CA87F7CCE92D}.newConf|Any CPU.Build.0 = Release|Any CPU
		{67602E6E-87D7-4A33-A595-CA87F7CCE92D}.newConf|ARM.ActiveCfg = Release|Any CPU
		{67602E6E-87D7-4A33-A595-CA87F7CCE92D}.newConf|ARM.Build.0 = Release|Any CPU
		{67602E6E-87D7-4A33-A595-CA87F7CCE92D}.newConf|ARM64.ActiveCfg = Release|Any CPU
		{67602E6E-87D7-4A33-A595-CA87F7CCE92D}.newConf|ARM64.Build.0 = Release|Any CPU
		{67602E6E-87D7-4A33-A595-CA87F7CCE92D}.newConf|x64.ActiveCfg = Release|Any CPU
		{67602E6E-87D7-4A33-A595-CA87F7CCE92D}.newConf|x64.Build.0 = Release|Any CPU
		{67602E6E-87D7-4A33-A595-CA87F7CCE92D}.newConf|x86.ActiveCfg = Release|Any CPU
		{67602E6E-87D7-4A33-A595-CA87F7CCE92D}.newConf|x86.Build.0 = Release|Any CPU
		{67602E6E-87D7-4A33-A595-CA87F7CCE92D}.Release|Any CPU.ActiveCfg = Release|Any CPU
		{67602E6E-87D7-4A33-A595-CA87F7CCE92D}.Release|Any CPU.Build.0 = Release|Any CPU
		{67602E6E-87D7-4A33-A595-CA87F7CCE92D}.Release|ARM.ActiveCfg = Release|Any CPU
		{67602E6E-87D7-4A33-A595-CA87F7CCE92D}.Release|ARM.Build.0 = Release|Any CPU
		{67602E6E-87D7-4A33-A595-CA87F7CCE92D}.Release|ARM64.ActiveCfg = Release|Any CPU
		{67602E6E-87D7-4A33-A595-CA87F7CCE92D}.Release|ARM64.Build.0 = Release|Any CPU
		{67602E6E-87D7-4A33-A595-CA87F7CCE92D}.Release|x64.ActiveCfg = Release|Any CPU
		{67602E6E-87D7-4A33-A595-CA87F7CCE92D}.Release|x64.Build.0 = Release|Any CPU
		{67602E6E-87D7-4A33-A595-CA87F7CCE92D}.Release|x86.ActiveCfg = Release|Any CPU
		{67602E6E-87D7-4A33-A595-CA87F7CCE92D}.Release|x86.Build.0 = Release|Any CPU
		{EA8CB075-9FE4-411D-892C-7F90EA24C1AE}.Debug|Any CPU.ActiveCfg = Debug|Any CPU
		{EA8CB075-9FE4-411D-892C-7F90EA24C1AE}.Debug|Any CPU.Build.0 = Debug|Any CPU
		{EA8CB075-9FE4-411D-892C-7F90EA24C1AE}.Debug|ARM.ActiveCfg = Debug|Any CPU
		{EA8CB075-9FE4-411D-892C-7F90EA24C1AE}.Debug|ARM.Build.0 = Debug|Any CPU
		{EA8CB075-9FE4-411D-892C-7F90EA24C1AE}.Debug|ARM64.ActiveCfg = Debug|Any CPU
		{EA8CB075-9FE4-411D-892C-7F90EA24C1AE}.Debug|ARM64.Build.0 = Debug|Any CPU
		{EA8CB075-9FE4-411D-892C-7F90EA24C1AE}.Debug|x64.ActiveCfg = Debug|Any CPU
		{EA8CB075-9FE4-411D-892C-7F90EA24C1AE}.Debug|x64.Build.0 = Debug|Any CPU
		{EA8CB075-9FE4-411D-892C-7F90EA24C1AE}.Debug|x86.ActiveCfg = Debug|Any CPU
		{EA8CB075-9FE4-411D-892C-7F90EA24C1AE}.Debug|x86.Build.0 = Debug|Any CPU
		{EA8CB075-9FE4-411D-892C-7F90EA24C1AE}.newConf|Any CPU.ActiveCfg = Release|Any CPU
		{EA8CB075-9FE4-411D-892C-7F90EA24C1AE}.newConf|Any CPU.Build.0 = Release|Any CPU
		{EA8CB075-9FE4-411D-892C-7F90EA24C1AE}.newConf|ARM.ActiveCfg = Release|Any CPU
		{EA8CB075-9FE4-411D-892C-7F90EA24C1AE}.newConf|ARM.Build.0 = Release|Any CPU
		{EA8CB075-9FE4-411D-892C-7F90EA24C1AE}.newConf|ARM64.ActiveCfg = Release|Any CPU
		{EA8CB075-9FE4-411D-892C-7F90EA24C1AE}.newConf|ARM64.Build.0 = Release|Any CPU
		{EA8CB075-9FE4-411D-892C-7F90EA24C1AE}.newConf|x64.ActiveCfg = Release|Any CPU
		{EA8CB075-9FE4-411D-892C-7F90EA24C1AE}.newConf|x64.Build.0 = Release|Any CPU
		{EA8CB075-9FE4-411D-892C-7F90EA24C1AE}.newConf|x86.ActiveCfg = Release|Any CPU
		{EA8CB075-9FE4-411D-892C-7F90EA24C1AE}.newConf|x86.Build.0 = Release|Any CPU
		{EA8CB075-9FE4-411D-892C-7F90EA24C1AE}.Release|Any CPU.ActiveCfg = Release|Any CPU
		{EA8CB075-9FE4-411D-892C-7F90EA24C1AE}.Release|Any CPU.Build.0 = Release|Any CPU
		{EA8CB075-9FE4-411D-892C-7F90EA24C1AE}.Release|ARM.ActiveCfg = Release|Any CPU
		{EA8CB075-9FE4-411D-892C-7F90EA24C1AE}.Release|ARM.Build.0 = Release|Any CPU
		{EA8CB075-9FE4-411D-892C-7F90EA24C1AE}.Release|ARM64.ActiveCfg = Release|Any CPU
		{EA8CB075-9FE4-411D-892C-7F90EA24C1AE}.Release|ARM64.Build.0 = Release|Any CPU
		{EA8CB075-9FE4-411D-892C-7F90EA24C1AE}.Release|x64.ActiveCfg = Release|Any CPU
		{EA8CB075-9FE4-411D-892C-7F90EA24C1AE}.Release|x64.Build.0 = Release|Any CPU
		{EA8CB075-9FE4-411D-892C-7F90EA24C1AE}.Release|x86.ActiveCfg = Release|Any CPU
		{EA8CB075-9FE4-411D-892C-7F90EA24C1AE}.Release|x86.Build.0 = Release|Any CPU
		{2636C180-67FB-4AFA-A8DE-7118F0055EBF}.Debug|Any CPU.ActiveCfg = Debug|Any CPU
		{2636C180-67FB-4AFA-A8DE-7118F0055EBF}.Debug|Any CPU.Build.0 = Debug|Any CPU
		{2636C180-67FB-4AFA-A8DE-7118F0055EBF}.Debug|ARM.ActiveCfg = Debug|Any CPU
		{2636C180-67FB-4AFA-A8DE-7118F0055EBF}.Debug|ARM.Build.0 = Debug|Any CPU
		{2636C180-67FB-4AFA-A8DE-7118F0055EBF}.Debug|ARM64.ActiveCfg = Debug|Any CPU
		{2636C180-67FB-4AFA-A8DE-7118F0055EBF}.Debug|ARM64.Build.0 = Debug|Any CPU
		{2636C180-67FB-4AFA-A8DE-7118F0055EBF}.Debug|x64.ActiveCfg = Debug|Any CPU
		{2636C180-67FB-4AFA-A8DE-7118F0055EBF}.Debug|x64.Build.0 = Debug|Any CPU
		{2636C180-67FB-4AFA-A8DE-7118F0055EBF}.Debug|x86.ActiveCfg = Debug|Any CPU
		{2636C180-67FB-4AFA-A8DE-7118F0055EBF}.Debug|x86.Build.0 = Debug|Any CPU
		{2636C180-67FB-4AFA-A8DE-7118F0055EBF}.newConf|Any CPU.ActiveCfg = Release|Any CPU
		{2636C180-67FB-4AFA-A8DE-7118F0055EBF}.newConf|Any CPU.Build.0 = Release|Any CPU
		{2636C180-67FB-4AFA-A8DE-7118F0055EBF}.newConf|ARM.ActiveCfg = Release|Any CPU
		{2636C180-67FB-4AFA-A8DE-7118F0055EBF}.newConf|ARM.Build.0 = Release|Any CPU
		{2636C180-67FB-4AFA-A8DE-7118F0055EBF}.newConf|ARM64.ActiveCfg = Release|Any CPU
		{2636C180-67FB-4AFA-A8DE-7118F0055EBF}.newConf|ARM64.Build.0 = Release|Any CPU
		{2636C180-67FB-4AFA-A8DE-7118F0055EBF}.newConf|x64.ActiveCfg = Release|Any CPU
		{2636C180-67FB-4AFA-A8DE-7118F0055EBF}.newConf|x64.Build.0 = Release|Any CPU
		{2636C180-67FB-4AFA-A8DE-7118F0055EBF}.newConf|x86.ActiveCfg = Release|Any CPU
		{2636C180-67FB-4AFA-A8DE-7118F0055EBF}.newConf|x86.Build.0 = Release|Any CPU
		{2636C180-67FB-4AFA-A8DE-7118F0055EBF}.Release|Any CPU.ActiveCfg = Release|Any CPU
		{2636C180-67FB-4AFA-A8DE-7118F0055EBF}.Release|Any CPU.Build.0 = Release|Any CPU
		{2636C180-67FB-4AFA-A8DE-7118F0055EBF}.Release|ARM.ActiveCfg = Release|Any CPU
		{2636C180-67FB-4AFA-A8DE-7118F0055EBF}.Release|ARM.Build.0 = Release|Any CPU
		{2636C180-67FB-4AFA-A8DE-7118F0055EBF}.Release|ARM64.ActiveCfg = Release|Any CPU
		{2636C180-67FB-4AFA-A8DE-7118F0055EBF}.Release|ARM64.Build.0 = Release|Any CPU
		{2636C180-67FB-4AFA-A8DE-7118F0055EBF}.Release|x64.ActiveCfg = Release|Any CPU
		{2636C180-67FB-4AFA-A8DE-7118F0055EBF}.Release|x64.Build.0 = Release|Any CPU
		{2636C180-67FB-4AFA-A8DE-7118F0055EBF}.Release|x86.ActiveCfg = Release|Any CPU
		{2636C180-67FB-4AFA-A8DE-7118F0055EBF}.Release|x86.Build.0 = Release|Any CPU
		{F508B2C6-7532-4987-9977-C030E3D85AD4}.Debug|Any CPU.ActiveCfg = Debug|Any CPU
		{F508B2C6-7532-4987-9977-C030E3D85AD4}.Debug|Any CPU.Build.0 = Debug|Any CPU
		{F508B2C6-7532-4987-9977-C030E3D85AD4}.Debug|ARM.ActiveCfg = Debug|Any CPU
		{F508B2C6-7532-4987-9977-C030E3D85AD4}.Debug|ARM.Build.0 = Debug|Any CPU
		{F508B2C6-7532-4987-9977-C030E3D85AD4}.Debug|ARM64.ActiveCfg = Debug|Any CPU
		{F508B2C6-7532-4987-9977-C030E3D85AD4}.Debug|ARM64.Build.0 = Debug|Any CPU
		{F508B2C6-7532-4987-9977-C030E3D85AD4}.Debug|x64.ActiveCfg = Debug|Any CPU
		{F508B2C6-7532-4987-9977-C030E3D85AD4}.Debug|x64.Build.0 = Debug|Any CPU
		{F508B2C6-7532-4987-9977-C030E3D85AD4}.Debug|x86.ActiveCfg = Debug|Any CPU
		{F508B2C6-7532-4987-9977-C030E3D85AD4}.Debug|x86.Build.0 = Debug|Any CPU
		{F508B2C6-7532-4987-9977-C030E3D85AD4}.newConf|Any CPU.ActiveCfg = Release|Any CPU
		{F508B2C6-7532-4987-9977-C030E3D85AD4}.newConf|Any CPU.Build.0 = Release|Any CPU
		{F508B2C6-7532-4987-9977-C030E3D85AD4}.newConf|ARM.ActiveCfg = Release|Any CPU
		{F508B2C6-7532-4987-9977-C030E3D85AD4}.newConf|ARM.Build.0 = Release|Any CPU
		{F508B2C6-7532-4987-9977-C030E3D85AD4}.newConf|ARM64.ActiveCfg = Release|Any CPU
		{F508B2C6-7532-4987-9977-C030E3D85AD4}.newConf|ARM64.Build.0 = Release|Any CPU
		{F508B2C6-7532-4987-9977-C030E3D85AD4}.newConf|x64.ActiveCfg = Release|Any CPU
		{F508B2C6-7532-4987-9977-C030E3D85AD4}.newConf|x64.Build.0 = Release|Any CPU
		{F508B2C6-7532-4987-9977-C030E3D85AD4}.newConf|x86.ActiveCfg = Release|Any CPU
		{F508B2C6-7532-4987-9977-C030E3D85AD4}.newConf|x86.Build.0 = Release|Any CPU
		{F508B2C6-7532-4987-9977-C030E3D85AD4}.Release|Any CPU.ActiveCfg = Release|Any CPU
		{F508B2C6-7532-4987-9977-C030E3D85AD4}.Release|Any CPU.Build.0 = Release|Any CPU
		{F508B2C6-7532-4987-9977-C030E3D85AD4}.Release|ARM.ActiveCfg = Release|Any CPU
		{F508B2C6-7532-4987-9977-C030E3D85AD4}.Release|ARM.Build.0 = Release|Any CPU
		{F508B2C6-7532-4987-9977-C030E3D85AD4}.Release|ARM64.ActiveCfg = Release|Any CPU
		{F508B2C6-7532-4987-9977-C030E3D85AD4}.Release|ARM64.Build.0 = Release|Any CPU
		{F508B2C6-7532-4987-9977-C030E3D85AD4}.Release|x64.ActiveCfg = Release|Any CPU
		{F508B2C6-7532-4987-9977-C030E3D85AD4}.Release|x64.Build.0 = Release|Any CPU
		{F508B2C6-7532-4987-9977-C030E3D85AD4}.Release|x86.ActiveCfg = Release|Any CPU
		{F508B2C6-7532-4987-9977-C030E3D85AD4}.Release|x86.Build.0 = Release|Any CPU
		{6604E402-2D62-47FA-BA17-B48DF4A821D2}.Debug|Any CPU.ActiveCfg = Debug|Any CPU
		{6604E402-2D62-47FA-BA17-B48DF4A821D2}.Debug|Any CPU.Build.0 = Debug|Any CPU
		{6604E402-2D62-47FA-BA17-B48DF4A821D2}.Debug|ARM.ActiveCfg = Debug|Any CPU
		{6604E402-2D62-47FA-BA17-B48DF4A821D2}.Debug|ARM.Build.0 = Debug|Any CPU
		{6604E402-2D62-47FA-BA17-B48DF4A821D2}.Debug|ARM64.ActiveCfg = Debug|Any CPU
		{6604E402-2D62-47FA-BA17-B48DF4A821D2}.Debug|ARM64.Build.0 = Debug|Any CPU
		{6604E402-2D62-47FA-BA17-B48DF4A821D2}.Debug|x64.ActiveCfg = Debug|Any CPU
		{6604E402-2D62-47FA-BA17-B48DF4A821D2}.Debug|x64.Build.0 = Debug|Any CPU
		{6604E402-2D62-47FA-BA17-B48DF4A821D2}.Debug|x86.ActiveCfg = Debug|Any CPU
		{6604E402-2D62-47FA-BA17-B48DF4A821D2}.Debug|x86.Build.0 = Debug|Any CPU
		{6604E402-2D62-47FA-BA17-B48DF4A821D2}.newConf|Any CPU.ActiveCfg = Release|Any CPU
		{6604E402-2D62-47FA-BA17-B48DF4A821D2}.newConf|Any CPU.Build.0 = Release|Any CPU
		{6604E402-2D62-47FA-BA17-B48DF4A821D2}.newConf|ARM.ActiveCfg = Release|Any CPU
		{6604E402-2D62-47FA-BA17-B48DF4A821D2}.newConf|ARM.Build.0 = Release|Any CPU
		{6604E402-2D62-47FA-BA17-B48DF4A821D2}.newConf|ARM64.ActiveCfg = Release|Any CPU
		{6604E402-2D62-47FA-BA17-B48DF4A821D2}.newConf|ARM64.Build.0 = Release|Any CPU
		{6604E402-2D62-47FA-BA17-B48DF4A821D2}.newConf|x64.ActiveCfg = Release|Any CPU
		{6604E402-2D62-47FA-BA17-B48DF4A821D2}.newConf|x64.Build.0 = Release|Any CPU
		{6604E402-2D62-47FA-BA17-B48DF4A821D2}.newConf|x86.ActiveCfg = Release|Any CPU
		{6604E402-2D62-47FA-BA17-B48DF4A821D2}.newConf|x86.Build.0 = Release|Any CPU
		{6604E402-2D62-47FA-BA17-B48DF4A821D2}.Release|Any CPU.ActiveCfg = Release|Any CPU
		{6604E402-2D62-47FA-BA17-B48DF4A821D2}.Release|Any CPU.Build.0 = Release|Any CPU
		{6604E402-2D62-47FA-BA17-B48DF4A821D2}.Release|ARM.ActiveCfg = Release|Any CPU
		{6604E402-2D62-47FA-BA17-B48DF4A821D2}.Release|ARM.Build.0 = Release|Any CPU
		{6604E402-2D62-47FA-BA17-B48DF4A821D2}.Release|ARM64.ActiveCfg = Release|Any CPU
		{6604E402-2D62-47FA-BA17-B48DF4A821D2}.Release|ARM64.Build.0 = Release|Any CPU
		{6604E402-2D62-47FA-BA17-B48DF4A821D2}.Release|x64.ActiveCfg = Release|Any CPU
		{6604E402-2D62-47FA-BA17-B48DF4A821D2}.Release|x64.Build.0 = Release|Any CPU
		{6604E402-2D62-47FA-BA17-B48DF4A821D2}.Release|x86.ActiveCfg = Release|Any CPU
		{6604E402-2D62-47FA-BA17-B48DF4A821D2}.Release|x86.Build.0 = Release|Any CPU
		{EC00DC51-095B-419A-939D-F29F39F79945}.Debug|Any CPU.ActiveCfg = Debug|Any CPU
		{EC00DC51-095B-419A-939D-F29F39F79945}.Debug|Any CPU.Build.0 = Debug|Any CPU
		{EC00DC51-095B-419A-939D-F29F39F79945}.Debug|ARM.ActiveCfg = Debug|Any CPU
		{EC00DC51-095B-419A-939D-F29F39F79945}.Debug|ARM.Build.0 = Debug|Any CPU
		{EC00DC51-095B-419A-939D-F29F39F79945}.Debug|ARM64.ActiveCfg = Debug|Any CPU
		{EC00DC51-095B-419A-939D-F29F39F79945}.Debug|ARM64.Build.0 = Debug|Any CPU
		{EC00DC51-095B-419A-939D-F29F39F79945}.Debug|x64.ActiveCfg = Debug|Any CPU
		{EC00DC51-095B-419A-939D-F29F39F79945}.Debug|x64.Build.0 = Debug|Any CPU
		{EC00DC51-095B-419A-939D-F29F39F79945}.Debug|x86.ActiveCfg = Debug|Any CPU
		{EC00DC51-095B-419A-939D-F29F39F79945}.Debug|x86.Build.0 = Debug|Any CPU
		{EC00DC51-095B-419A-939D-F29F39F79945}.newConf|Any CPU.ActiveCfg = Release|Any CPU
		{EC00DC51-095B-419A-939D-F29F39F79945}.newConf|Any CPU.Build.0 = Release|Any CPU
		{EC00DC51-095B-419A-939D-F29F39F79945}.newConf|ARM.ActiveCfg = Release|Any CPU
		{EC00DC51-095B-419A-939D-F29F39F79945}.newConf|ARM.Build.0 = Release|Any CPU
		{EC00DC51-095B-419A-939D-F29F39F79945}.newConf|ARM64.ActiveCfg = Release|Any CPU
		{EC00DC51-095B-419A-939D-F29F39F79945}.newConf|ARM64.Build.0 = Release|Any CPU
		{EC00DC51-095B-419A-939D-F29F39F79945}.newConf|x64.ActiveCfg = Release|Any CPU
		{EC00DC51-095B-419A-939D-F29F39F79945}.newConf|x64.Build.0 = Release|Any CPU
		{EC00DC51-095B-419A-939D-F29F39F79945}.newConf|x86.ActiveCfg = Release|Any CPU
		{EC00DC51-095B-419A-939D-F29F39F79945}.newConf|x86.Build.0 = Release|Any CPU
		{EC00DC51-095B-419A-939D-F29F39F79945}.Release|Any CPU.ActiveCfg = Release|Any CPU
		{EC00DC51-095B-419A-939D-F29F39F79945}.Release|Any CPU.Build.0 = Release|Any CPU
		{EC00DC51-095B-419A-939D-F29F39F79945}.Release|ARM.ActiveCfg = Release|Any CPU
		{EC00DC51-095B-419A-939D-F29F39F79945}.Release|ARM.Build.0 = Release|Any CPU
		{EC00DC51-095B-419A-939D-F29F39F79945}.Release|ARM64.ActiveCfg = Release|Any CPU
		{EC00DC51-095B-419A-939D-F29F39F79945}.Release|ARM64.Build.0 = Release|Any CPU
		{EC00DC51-095B-419A-939D-F29F39F79945}.Release|x64.ActiveCfg = Release|Any CPU
		{EC00DC51-095B-419A-939D-F29F39F79945}.Release|x64.Build.0 = Release|Any CPU
		{EC00DC51-095B-419A-939D-F29F39F79945}.Release|x86.ActiveCfg = Release|Any CPU
		{EC00DC51-095B-419A-939D-F29F39F79945}.Release|x86.Build.0 = Release|Any CPU
		{AAC31C2D-C19D-4F33-B396-37EF810E3A92}.Debug|Any CPU.ActiveCfg = Debug|Any CPU
		{AAC31C2D-C19D-4F33-B396-37EF810E3A92}.Debug|Any CPU.Build.0 = Debug|Any CPU
		{AAC31C2D-C19D-4F33-B396-37EF810E3A92}.Debug|ARM.ActiveCfg = Debug|Any CPU
		{AAC31C2D-C19D-4F33-B396-37EF810E3A92}.Debug|ARM.Build.0 = Debug|Any CPU
		{AAC31C2D-C19D-4F33-B396-37EF810E3A92}.Debug|ARM64.ActiveCfg = Debug|Any CPU
		{AAC31C2D-C19D-4F33-B396-37EF810E3A92}.Debug|ARM64.Build.0 = Debug|Any CPU
		{AAC31C2D-C19D-4F33-B396-37EF810E3A92}.Debug|x64.ActiveCfg = Debug|Any CPU
		{AAC31C2D-C19D-4F33-B396-37EF810E3A92}.Debug|x64.Build.0 = Debug|Any CPU
		{AAC31C2D-C19D-4F33-B396-37EF810E3A92}.Debug|x86.ActiveCfg = Debug|Any CPU
		{AAC31C2D-C19D-4F33-B396-37EF810E3A92}.Debug|x86.Build.0 = Debug|Any CPU
		{AAC31C2D-C19D-4F33-B396-37EF810E3A92}.newConf|Any CPU.ActiveCfg = Release|Any CPU
		{AAC31C2D-C19D-4F33-B396-37EF810E3A92}.newConf|Any CPU.Build.0 = Release|Any CPU
		{AAC31C2D-C19D-4F33-B396-37EF810E3A92}.newConf|ARM.ActiveCfg = Release|Any CPU
		{AAC31C2D-C19D-4F33-B396-37EF810E3A92}.newConf|ARM.Build.0 = Release|Any CPU
		{AAC31C2D-C19D-4F33-B396-37EF810E3A92}.newConf|ARM64.ActiveCfg = Release|Any CPU
		{AAC31C2D-C19D-4F33-B396-37EF810E3A92}.newConf|ARM64.Build.0 = Release|Any CPU
		{AAC31C2D-C19D-4F33-B396-37EF810E3A92}.newConf|x64.ActiveCfg = Release|Any CPU
		{AAC31C2D-C19D-4F33-B396-37EF810E3A92}.newConf|x64.Build.0 = Release|Any CPU
		{AAC31C2D-C19D-4F33-B396-37EF810E3A92}.newConf|x86.ActiveCfg = Release|Any CPU
		{AAC31C2D-C19D-4F33-B396-37EF810E3A92}.newConf|x86.Build.0 = Release|Any CPU
		{AAC31C2D-C19D-4F33-B396-37EF810E3A92}.Release|Any CPU.ActiveCfg = Release|Any CPU
		{AAC31C2D-C19D-4F33-B396-37EF810E3A92}.Release|Any CPU.Build.0 = Release|Any CPU
		{AAC31C2D-C19D-4F33-B396-37EF810E3A92}.Release|ARM.ActiveCfg = Release|Any CPU
		{AAC31C2D-C19D-4F33-B396-37EF810E3A92}.Release|ARM.Build.0 = Release|Any CPU
		{AAC31C2D-C19D-4F33-B396-37EF810E3A92}.Release|ARM64.ActiveCfg = Release|Any CPU
		{AAC31C2D-C19D-4F33-B396-37EF810E3A92}.Release|ARM64.Build.0 = Release|Any CPU
		{AAC31C2D-C19D-4F33-B396-37EF810E3A92}.Release|x64.ActiveCfg = Release|Any CPU
		{AAC31C2D-C19D-4F33-B396-37EF810E3A92}.Release|x64.Build.0 = Release|Any CPU
		{AAC31C2D-C19D-4F33-B396-37EF810E3A92}.Release|x86.ActiveCfg = Release|Any CPU
		{AAC31C2D-C19D-4F33-B396-37EF810E3A92}.Release|x86.Build.0 = Release|Any CPU
		{F03CFBCC-C408-4C6A-874C-F68C0DB82D16}.Debug|Any CPU.ActiveCfg = Debug|Any CPU
		{F03CFBCC-C408-4C6A-874C-F68C0DB82D16}.Debug|Any CPU.Build.0 = Debug|Any CPU
		{F03CFBCC-C408-4C6A-874C-F68C0DB82D16}.Debug|ARM.ActiveCfg = Debug|Any CPU
		{F03CFBCC-C408-4C6A-874C-F68C0DB82D16}.Debug|ARM.Build.0 = Debug|Any CPU
		{F03CFBCC-C408-4C6A-874C-F68C0DB82D16}.Debug|ARM64.ActiveCfg = Debug|Any CPU
		{F03CFBCC-C408-4C6A-874C-F68C0DB82D16}.Debug|ARM64.Build.0 = Debug|Any CPU
		{F03CFBCC-C408-4C6A-874C-F68C0DB82D16}.Debug|x64.ActiveCfg = Debug|Any CPU
		{F03CFBCC-C408-4C6A-874C-F68C0DB82D16}.Debug|x64.Build.0 = Debug|Any CPU
		{F03CFBCC-C408-4C6A-874C-F68C0DB82D16}.Debug|x86.ActiveCfg = Debug|Any CPU
		{F03CFBCC-C408-4C6A-874C-F68C0DB82D16}.Debug|x86.Build.0 = Debug|Any CPU
		{F03CFBCC-C408-4C6A-874C-F68C0DB82D16}.newConf|Any CPU.ActiveCfg = Release|Any CPU
		{F03CFBCC-C408-4C6A-874C-F68C0DB82D16}.newConf|Any CPU.Build.0 = Release|Any CPU
		{F03CFBCC-C408-4C6A-874C-F68C0DB82D16}.newConf|ARM.ActiveCfg = Release|Any CPU
		{F03CFBCC-C408-4C6A-874C-F68C0DB82D16}.newConf|ARM.Build.0 = Release|Any CPU
		{F03CFBCC-C408-4C6A-874C-F68C0DB82D16}.newConf|ARM64.ActiveCfg = Release|Any CPU
		{F03CFBCC-C408-4C6A-874C-F68C0DB82D16}.newConf|ARM64.Build.0 = Release|Any CPU
		{F03CFBCC-C408-4C6A-874C-F68C0DB82D16}.newConf|x64.ActiveCfg = Release|Any CPU
		{F03CFBCC-C408-4C6A-874C-F68C0DB82D16}.newConf|x64.Build.0 = Release|Any CPU
		{F03CFBCC-C408-4C6A-874C-F68C0DB82D16}.newConf|x86.ActiveCfg = Release|Any CPU
		{F03CFBCC-C408-4C6A-874C-F68C0DB82D16}.newConf|x86.Build.0 = Release|Any CPU
		{F03CFBCC-C408-4C6A-874C-F68C0DB82D16}.Release|Any CPU.ActiveCfg = Release|Any CPU
		{F03CFBCC-C408-4C6A-874C-F68C0DB82D16}.Release|Any CPU.Build.0 = Release|Any CPU
		{F03CFBCC-C408-4C6A-874C-F68C0DB82D16}.Release|ARM.ActiveCfg = Release|Any CPU
		{F03CFBCC-C408-4C6A-874C-F68C0DB82D16}.Release|ARM.Build.0 = Release|Any CPU
		{F03CFBCC-C408-4C6A-874C-F68C0DB82D16}.Release|ARM64.ActiveCfg = Release|Any CPU
		{F03CFBCC-C408-4C6A-874C-F68C0DB82D16}.Release|ARM64.Build.0 = Release|Any CPU
		{F03CFBCC-C408-4C6A-874C-F68C0DB82D16}.Release|x64.ActiveCfg = Release|Any CPU
		{F03CFBCC-C408-4C6A-874C-F68C0DB82D16}.Release|x64.Build.0 = Release|Any CPU
		{F03CFBCC-C408-4C6A-874C-F68C0DB82D16}.Release|x86.ActiveCfg = Release|Any CPU
		{F03CFBCC-C408-4C6A-874C-F68C0DB82D16}.Release|x86.Build.0 = Release|Any CPU
		{5DE4223E-797E-4995-A978-16B022682AD0}.Debug|Any CPU.ActiveCfg = Debug|Any CPU
		{5DE4223E-797E-4995-A978-16B022682AD0}.Debug|Any CPU.Build.0 = Debug|Any CPU
		{5DE4223E-797E-4995-A978-16B022682AD0}.Debug|ARM.ActiveCfg = Debug|Any CPU
		{5DE4223E-797E-4995-A978-16B022682AD0}.Debug|ARM.Build.0 = Debug|Any CPU
		{5DE4223E-797E-4995-A978-16B022682AD0}.Debug|ARM64.ActiveCfg = Debug|Any CPU
		{5DE4223E-797E-4995-A978-16B022682AD0}.Debug|ARM64.Build.0 = Debug|Any CPU
		{5DE4223E-797E-4995-A978-16B022682AD0}.Debug|x64.ActiveCfg = Debug|Any CPU
		{5DE4223E-797E-4995-A978-16B022682AD0}.Debug|x64.Build.0 = Debug|Any CPU
		{5DE4223E-797E-4995-A978-16B022682AD0}.Debug|x86.ActiveCfg = Debug|Any CPU
		{5DE4223E-797E-4995-A978-16B022682AD0}.Debug|x86.Build.0 = Debug|Any CPU
		{5DE4223E-797E-4995-A978-16B022682AD0}.newConf|Any CPU.ActiveCfg = Release|Any CPU
		{5DE4223E-797E-4995-A978-16B022682AD0}.newConf|Any CPU.Build.0 = Release|Any CPU
		{5DE4223E-797E-4995-A978-16B022682AD0}.newConf|ARM.ActiveCfg = Release|Any CPU
		{5DE4223E-797E-4995-A978-16B022682AD0}.newConf|ARM.Build.0 = Release|Any CPU
		{5DE4223E-797E-4995-A978-16B022682AD0}.newConf|ARM64.ActiveCfg = Release|Any CPU
		{5DE4223E-797E-4995-A978-16B022682AD0}.newConf|ARM64.Build.0 = Release|Any CPU
		{5DE4223E-797E-4995-A978-16B022682AD0}.newConf|x64.ActiveCfg = Release|Any CPU
		{5DE4223E-797E-4995-A978-16B022682AD0}.newConf|x64.Build.0 = Release|Any CPU
		{5DE4223E-797E-4995-A978-16B022682AD0}.newConf|x86.ActiveCfg = Release|Any CPU
		{5DE4223E-797E-4995-A978-16B022682AD0}.newConf|x86.Build.0 = Release|Any CPU
		{5DE4223E-797E-4995-A978-16B022682AD0}.Release|Any CPU.ActiveCfg = Release|Any CPU
		{5DE4223E-797E-4995-A978-16B022682AD0}.Release|Any CPU.Build.0 = Release|Any CPU
		{5DE4223E-797E-4995-A978-16B022682AD0}.Release|ARM.ActiveCfg = Release|Any CPU
		{5DE4223E-797E-4995-A978-16B022682AD0}.Release|ARM.Build.0 = Release|Any CPU
		{5DE4223E-797E-4995-A978-16B022682AD0}.Release|ARM64.ActiveCfg = Release|Any CPU
		{5DE4223E-797E-4995-A978-16B022682AD0}.Release|ARM64.Build.0 = Release|Any CPU
		{5DE4223E-797E-4995-A978-16B022682AD0}.Release|x64.ActiveCfg = Release|Any CPU
		{5DE4223E-797E-4995-A978-16B022682AD0}.Release|x64.Build.0 = Release|Any CPU
		{5DE4223E-797E-4995-A978-16B022682AD0}.Release|x86.ActiveCfg = Release|Any CPU
		{5DE4223E-797E-4995-A978-16B022682AD0}.Release|x86.Build.0 = Release|Any CPU
		{31852AF4-A163-4D11-86AA-23FF5CC3CBA4}.Debug|Any CPU.ActiveCfg = Debug|Any CPU
		{31852AF4-A163-4D11-86AA-23FF5CC3CBA4}.Debug|Any CPU.Build.0 = Debug|Any CPU
		{31852AF4-A163-4D11-86AA-23FF5CC3CBA4}.Debug|ARM.ActiveCfg = Debug|Any CPU
		{31852AF4-A163-4D11-86AA-23FF5CC3CBA4}.Debug|ARM.Build.0 = Debug|Any CPU
		{31852AF4-A163-4D11-86AA-23FF5CC3CBA4}.Debug|ARM64.ActiveCfg = Debug|Any CPU
		{31852AF4-A163-4D11-86AA-23FF5CC3CBA4}.Debug|ARM64.Build.0 = Debug|Any CPU
		{31852AF4-A163-4D11-86AA-23FF5CC3CBA4}.Debug|x64.ActiveCfg = Debug|Any CPU
		{31852AF4-A163-4D11-86AA-23FF5CC3CBA4}.Debug|x64.Build.0 = Debug|Any CPU
		{31852AF4-A163-4D11-86AA-23FF5CC3CBA4}.Debug|x86.ActiveCfg = Debug|Any CPU
		{31852AF4-A163-4D11-86AA-23FF5CC3CBA4}.Debug|x86.Build.0 = Debug|Any CPU
		{31852AF4-A163-4D11-86AA-23FF5CC3CBA4}.newConf|Any CPU.ActiveCfg = Release|Any CPU
		{31852AF4-A163-4D11-86AA-23FF5CC3CBA4}.newConf|Any CPU.Build.0 = Release|Any CPU
		{31852AF4-A163-4D11-86AA-23FF5CC3CBA4}.newConf|ARM.ActiveCfg = Release|Any CPU
		{31852AF4-A163-4D11-86AA-23FF5CC3CBA4}.newConf|ARM.Build.0 = Release|Any CPU
		{31852AF4-A163-4D11-86AA-23FF5CC3CBA4}.newConf|ARM64.ActiveCfg = Release|Any CPU
		{31852AF4-A163-4D11-86AA-23FF5CC3CBA4}.newConf|ARM64.Build.0 = Release|Any CPU
		{31852AF4-A163-4D11-86AA-23FF5CC3CBA4}.newConf|x64.ActiveCfg = Release|Any CPU
		{31852AF4-A163-4D11-86AA-23FF5CC3CBA4}.newConf|x64.Build.0 = Release|Any CPU
		{31852AF4-A163-4D11-86AA-23FF5CC3CBA4}.newConf|x86.ActiveCfg = Release|Any CPU
		{31852AF4-A163-4D11-86AA-23FF5CC3CBA4}.newConf|x86.Build.0 = Release|Any CPU
		{31852AF4-A163-4D11-86AA-23FF5CC3CBA4}.Release|Any CPU.ActiveCfg = Release|Any CPU
		{31852AF4-A163-4D11-86AA-23FF5CC3CBA4}.Release|Any CPU.Build.0 = Release|Any CPU
		{31852AF4-A163-4D11-86AA-23FF5CC3CBA4}.Release|ARM.ActiveCfg = Release|Any CPU
		{31852AF4-A163-4D11-86AA-23FF5CC3CBA4}.Release|ARM.Build.0 = Release|Any CPU
		{31852AF4-A163-4D11-86AA-23FF5CC3CBA4}.Release|ARM64.ActiveCfg = Release|Any CPU
		{31852AF4-A163-4D11-86AA-23FF5CC3CBA4}.Release|ARM64.Build.0 = Release|Any CPU
		{31852AF4-A163-4D11-86AA-23FF5CC3CBA4}.Release|x64.ActiveCfg = Release|Any CPU
		{31852AF4-A163-4D11-86AA-23FF5CC3CBA4}.Release|x64.Build.0 = Release|Any CPU
		{31852AF4-A163-4D11-86AA-23FF5CC3CBA4}.Release|x86.ActiveCfg = Release|Any CPU
		{31852AF4-A163-4D11-86AA-23FF5CC3CBA4}.Release|x86.Build.0 = Release|Any CPU
		{CBBB785E-F16C-4AAB-8D3E-28C961450FF1}.Debug|Any CPU.ActiveCfg = Debug|Any CPU
		{CBBB785E-F16C-4AAB-8D3E-28C961450FF1}.Debug|Any CPU.Build.0 = Debug|Any CPU
		{CBBB785E-F16C-4AAB-8D3E-28C961450FF1}.Debug|ARM.ActiveCfg = Debug|Any CPU
		{CBBB785E-F16C-4AAB-8D3E-28C961450FF1}.Debug|ARM.Build.0 = Debug|Any CPU
		{CBBB785E-F16C-4AAB-8D3E-28C961450FF1}.Debug|ARM64.ActiveCfg = Debug|Any CPU
		{CBBB785E-F16C-4AAB-8D3E-28C961450FF1}.Debug|ARM64.Build.0 = Debug|Any CPU
		{CBBB785E-F16C-4AAB-8D3E-28C961450FF1}.Debug|x64.ActiveCfg = Debug|Any CPU
		{CBBB785E-F16C-4AAB-8D3E-28C961450FF1}.Debug|x64.Build.0 = Debug|Any CPU
		{CBBB785E-F16C-4AAB-8D3E-28C961450FF1}.Debug|x86.ActiveCfg = Debug|Any CPU
		{CBBB785E-F16C-4AAB-8D3E-28C961450FF1}.Debug|x86.Build.0 = Debug|Any CPU
		{CBBB785E-F16C-4AAB-8D3E-28C961450FF1}.newConf|Any CPU.ActiveCfg = Release|Any CPU
		{CBBB785E-F16C-4AAB-8D3E-28C961450FF1}.newConf|Any CPU.Build.0 = Release|Any CPU
		{CBBB785E-F16C-4AAB-8D3E-28C961450FF1}.newConf|ARM.ActiveCfg = Release|Any CPU
		{CBBB785E-F16C-4AAB-8D3E-28C961450FF1}.newConf|ARM.Build.0 = Release|Any CPU
		{CBBB785E-F16C-4AAB-8D3E-28C961450FF1}.newConf|ARM64.ActiveCfg = Release|Any CPU
		{CBBB785E-F16C-4AAB-8D3E-28C961450FF1}.newConf|ARM64.Build.0 = Release|Any CPU
		{CBBB785E-F16C-4AAB-8D3E-28C961450FF1}.newConf|x64.ActiveCfg = Release|Any CPU
		{CBBB785E-F16C-4AAB-8D3E-28C961450FF1}.newConf|x64.Build.0 = Release|Any CPU
		{CBBB785E-F16C-4AAB-8D3E-28C961450FF1}.newConf|x86.ActiveCfg = Release|Any CPU
		{CBBB785E-F16C-4AAB-8D3E-28C961450FF1}.newConf|x86.Build.0 = Release|Any CPU
		{CBBB785E-F16C-4AAB-8D3E-28C961450FF1}.Release|Any CPU.ActiveCfg = Release|Any CPU
		{CBBB785E-F16C-4AAB-8D3E-28C961450FF1}.Release|Any CPU.Build.0 = Release|Any CPU
		{CBBB785E-F16C-4AAB-8D3E-28C961450FF1}.Release|ARM.ActiveCfg = Release|Any CPU
		{CBBB785E-F16C-4AAB-8D3E-28C961450FF1}.Release|ARM.Build.0 = Release|Any CPU
		{CBBB785E-F16C-4AAB-8D3E-28C961450FF1}.Release|ARM64.ActiveCfg = Release|Any CPU
		{CBBB785E-F16C-4AAB-8D3E-28C961450FF1}.Release|ARM64.Build.0 = Release|Any CPU
		{CBBB785E-F16C-4AAB-8D3E-28C961450FF1}.Release|x64.ActiveCfg = Release|Any CPU
		{CBBB785E-F16C-4AAB-8D3E-28C961450FF1}.Release|x64.Build.0 = Release|Any CPU
		{CBBB785E-F16C-4AAB-8D3E-28C961450FF1}.Release|x86.ActiveCfg = Release|Any CPU
		{CBBB785E-F16C-4AAB-8D3E-28C961450FF1}.Release|x86.Build.0 = Release|Any CPU
		{A849A5D8-2B72-48B1-B44D-A5CEFC815222}.Debug|Any CPU.ActiveCfg = Debug|Any CPU
		{A849A5D8-2B72-48B1-B44D-A5CEFC815222}.Debug|Any CPU.Build.0 = Debug|Any CPU
		{A849A5D8-2B72-48B1-B44D-A5CEFC815222}.Debug|ARM.ActiveCfg = Debug|Any CPU
		{A849A5D8-2B72-48B1-B44D-A5CEFC815222}.Debug|ARM.Build.0 = Debug|Any CPU
		{A849A5D8-2B72-48B1-B44D-A5CEFC815222}.Debug|ARM64.ActiveCfg = Debug|Any CPU
		{A849A5D8-2B72-48B1-B44D-A5CEFC815222}.Debug|ARM64.Build.0 = Debug|Any CPU
		{A849A5D8-2B72-48B1-B44D-A5CEFC815222}.Debug|x64.ActiveCfg = Debug|Any CPU
		{A849A5D8-2B72-48B1-B44D-A5CEFC815222}.Debug|x64.Build.0 = Debug|Any CPU
		{A849A5D8-2B72-48B1-B44D-A5CEFC815222}.Debug|x86.ActiveCfg = Debug|Any CPU
		{A849A5D8-2B72-48B1-B44D-A5CEFC815222}.Debug|x86.Build.0 = Debug|Any CPU
		{A849A5D8-2B72-48B1-B44D-A5CEFC815222}.newConf|Any CPU.ActiveCfg = Release|Any CPU
		{A849A5D8-2B72-48B1-B44D-A5CEFC815222}.newConf|Any CPU.Build.0 = Release|Any CPU
		{A849A5D8-2B72-48B1-B44D-A5CEFC815222}.newConf|ARM.ActiveCfg = Release|Any CPU
		{A849A5D8-2B72-48B1-B44D-A5CEFC815222}.newConf|ARM.Build.0 = Release|Any CPU
		{A849A5D8-2B72-48B1-B44D-A5CEFC815222}.newConf|ARM64.ActiveCfg = Release|Any CPU
		{A849A5D8-2B72-48B1-B44D-A5CEFC815222}.newConf|ARM64.Build.0 = Release|Any CPU
		{A849A5D8-2B72-48B1-B44D-A5CEFC815222}.newConf|x64.ActiveCfg = Release|Any CPU
		{A849A5D8-2B72-48B1-B44D-A5CEFC815222}.newConf|x64.Build.0 = Release|Any CPU
		{A849A5D8-2B72-48B1-B44D-A5CEFC815222}.newConf|x86.ActiveCfg = Release|Any CPU
		{A849A5D8-2B72-48B1-B44D-A5CEFC815222}.newConf|x86.Build.0 = Release|Any CPU
		{A849A5D8-2B72-48B1-B44D-A5CEFC815222}.Release|Any CPU.ActiveCfg = Release|Any CPU
		{A849A5D8-2B72-48B1-B44D-A5CEFC815222}.Release|Any CPU.Build.0 = Release|Any CPU
		{A849A5D8-2B72-48B1-B44D-A5CEFC815222}.Release|ARM.ActiveCfg = Release|Any CPU
		{A849A5D8-2B72-48B1-B44D-A5CEFC815222}.Release|ARM.Build.0 = Release|Any CPU
		{A849A5D8-2B72-48B1-B44D-A5CEFC815222}.Release|ARM64.ActiveCfg = Release|Any CPU
		{A849A5D8-2B72-48B1-B44D-A5CEFC815222}.Release|ARM64.Build.0 = Release|Any CPU
		{A849A5D8-2B72-48B1-B44D-A5CEFC815222}.Release|x64.ActiveCfg = Release|Any CPU
		{A849A5D8-2B72-48B1-B44D-A5CEFC815222}.Release|x64.Build.0 = Release|Any CPU
		{A849A5D8-2B72-48B1-B44D-A5CEFC815222}.Release|x86.ActiveCfg = Release|Any CPU
		{A849A5D8-2B72-48B1-B44D-A5CEFC815222}.Release|x86.Build.0 = Release|Any CPU
		{42E17E99-56A3-4CA2-AF6D-49CD4D6244C8}.Debug|Any CPU.ActiveCfg = Debug|Any CPU
		{42E17E99-56A3-4CA2-AF6D-49CD4D6244C8}.Debug|Any CPU.Build.0 = Debug|Any CPU
		{42E17E99-56A3-4CA2-AF6D-49CD4D6244C8}.Debug|ARM.ActiveCfg = Debug|Any CPU
		{42E17E99-56A3-4CA2-AF6D-49CD4D6244C8}.Debug|ARM.Build.0 = Debug|Any CPU
		{42E17E99-56A3-4CA2-AF6D-49CD4D6244C8}.Debug|ARM64.ActiveCfg = Debug|Any CPU
		{42E17E99-56A3-4CA2-AF6D-49CD4D6244C8}.Debug|ARM64.Build.0 = Debug|Any CPU
		{42E17E99-56A3-4CA2-AF6D-49CD4D6244C8}.Debug|x64.ActiveCfg = Debug|Any CPU
		{42E17E99-56A3-4CA2-AF6D-49CD4D6244C8}.Debug|x64.Build.0 = Debug|Any CPU
		{42E17E99-56A3-4CA2-AF6D-49CD4D6244C8}.Debug|x86.ActiveCfg = Debug|Any CPU
		{42E17E99-56A3-4CA2-AF6D-49CD4D6244C8}.Debug|x86.Build.0 = Debug|Any CPU
		{42E17E99-56A3-4CA2-AF6D-49CD4D6244C8}.newConf|Any CPU.ActiveCfg = Release|Any CPU
		{42E17E99-56A3-4CA2-AF6D-49CD4D6244C8}.newConf|Any CPU.Build.0 = Release|Any CPU
		{42E17E99-56A3-4CA2-AF6D-49CD4D6244C8}.newConf|ARM.ActiveCfg = Release|Any CPU
		{42E17E99-56A3-4CA2-AF6D-49CD4D6244C8}.newConf|ARM.Build.0 = Release|Any CPU
		{42E17E99-56A3-4CA2-AF6D-49CD4D6244C8}.newConf|ARM64.ActiveCfg = Release|Any CPU
		{42E17E99-56A3-4CA2-AF6D-49CD4D6244C8}.newConf|ARM64.Build.0 = Release|Any CPU
		{42E17E99-56A3-4CA2-AF6D-49CD4D6244C8}.newConf|x64.ActiveCfg = Release|Any CPU
		{42E17E99-56A3-4CA2-AF6D-49CD4D6244C8}.newConf|x64.Build.0 = Release|Any CPU
		{42E17E99-56A3-4CA2-AF6D-49CD4D6244C8}.newConf|x86.ActiveCfg = Release|Any CPU
		{42E17E99-56A3-4CA2-AF6D-49CD4D6244C8}.newConf|x86.Build.0 = Release|Any CPU
		{42E17E99-56A3-4CA2-AF6D-49CD4D6244C8}.Release|Any CPU.ActiveCfg = Release|Any CPU
		{42E17E99-56A3-4CA2-AF6D-49CD4D6244C8}.Release|Any CPU.Build.0 = Release|Any CPU
		{42E17E99-56A3-4CA2-AF6D-49CD4D6244C8}.Release|ARM.ActiveCfg = Release|Any CPU
		{42E17E99-56A3-4CA2-AF6D-49CD4D6244C8}.Release|ARM.Build.0 = Release|Any CPU
		{42E17E99-56A3-4CA2-AF6D-49CD4D6244C8}.Release|ARM64.ActiveCfg = Release|Any CPU
		{42E17E99-56A3-4CA2-AF6D-49CD4D6244C8}.Release|ARM64.Build.0 = Release|Any CPU
		{42E17E99-56A3-4CA2-AF6D-49CD4D6244C8}.Release|x64.ActiveCfg = Release|Any CPU
		{42E17E99-56A3-4CA2-AF6D-49CD4D6244C8}.Release|x64.Build.0 = Release|Any CPU
		{42E17E99-56A3-4CA2-AF6D-49CD4D6244C8}.Release|x86.ActiveCfg = Release|Any CPU
		{42E17E99-56A3-4CA2-AF6D-49CD4D6244C8}.Release|x86.Build.0 = Release|Any CPU
		{D9E07A4D-9C13-42E1-BA9C-70F4BB824082}.Debug|Any CPU.ActiveCfg = Debug|Any CPU
		{D9E07A4D-9C13-42E1-BA9C-70F4BB824082}.Debug|Any CPU.Build.0 = Debug|Any CPU
		{D9E07A4D-9C13-42E1-BA9C-70F4BB824082}.Debug|ARM.ActiveCfg = Debug|Any CPU
		{D9E07A4D-9C13-42E1-BA9C-70F4BB824082}.Debug|ARM.Build.0 = Debug|Any CPU
		{D9E07A4D-9C13-42E1-BA9C-70F4BB824082}.Debug|ARM64.ActiveCfg = Debug|Any CPU
		{D9E07A4D-9C13-42E1-BA9C-70F4BB824082}.Debug|ARM64.Build.0 = Debug|Any CPU
		{D9E07A4D-9C13-42E1-BA9C-70F4BB824082}.Debug|x64.ActiveCfg = Debug|Any CPU
		{D9E07A4D-9C13-42E1-BA9C-70F4BB824082}.Debug|x64.Build.0 = Debug|Any CPU
		{D9E07A4D-9C13-42E1-BA9C-70F4BB824082}.Debug|x86.ActiveCfg = Debug|Any CPU
		{D9E07A4D-9C13-42E1-BA9C-70F4BB824082}.Debug|x86.Build.0 = Debug|Any CPU
		{D9E07A4D-9C13-42E1-BA9C-70F4BB824082}.newConf|Any CPU.ActiveCfg = newConf|Any CPU
		{D9E07A4D-9C13-42E1-BA9C-70F4BB824082}.newConf|Any CPU.Build.0 = newConf|Any CPU
		{D9E07A4D-9C13-42E1-BA9C-70F4BB824082}.newConf|ARM.ActiveCfg = newConf|Any CPU
		{D9E07A4D-9C13-42E1-BA9C-70F4BB824082}.newConf|ARM.Build.0 = newConf|Any CPU
		{D9E07A4D-9C13-42E1-BA9C-70F4BB824082}.newConf|ARM64.ActiveCfg = newConf|Any CPU
		{D9E07A4D-9C13-42E1-BA9C-70F4BB824082}.newConf|ARM64.Build.0 = newConf|Any CPU
		{D9E07A4D-9C13-42E1-BA9C-70F4BB824082}.newConf|x64.ActiveCfg = newConf|Any CPU
		{D9E07A4D-9C13-42E1-BA9C-70F4BB824082}.newConf|x64.Build.0 = newConf|Any CPU
		{D9E07A4D-9C13-42E1-BA9C-70F4BB824082}.newConf|x86.ActiveCfg = newConf|Any CPU
		{D9E07A4D-9C13-42E1-BA9C-70F4BB824082}.newConf|x86.Build.0 = newConf|Any CPU
		{D9E07A4D-9C13-42E1-BA9C-70F4BB824082}.Release|Any CPU.ActiveCfg = Release|Any CPU
		{D9E07A4D-9C13-42E1-BA9C-70F4BB824082}.Release|Any CPU.Build.0 = Release|Any CPU
		{D9E07A4D-9C13-42E1-BA9C-70F4BB824082}.Release|ARM.ActiveCfg = Release|Any CPU
		{D9E07A4D-9C13-42E1-BA9C-70F4BB824082}.Release|ARM.Build.0 = Release|Any CPU
		{D9E07A4D-9C13-42E1-BA9C-70F4BB824082}.Release|ARM64.ActiveCfg = Release|Any CPU
		{D9E07A4D-9C13-42E1-BA9C-70F4BB824082}.Release|ARM64.Build.0 = Release|Any CPU
		{D9E07A4D-9C13-42E1-BA9C-70F4BB824082}.Release|x64.ActiveCfg = Release|Any CPU
		{D9E07A4D-9C13-42E1-BA9C-70F4BB824082}.Release|x64.Build.0 = Release|Any CPU
		{D9E07A4D-9C13-42E1-BA9C-70F4BB824082}.Release|x86.ActiveCfg = Release|Any CPU
		{D9E07A4D-9C13-42E1-BA9C-70F4BB824082}.Release|x86.Build.0 = Release|Any CPU
	EndGlobalSection
	GlobalSection(SolutionProperties) = preSolution
		HideSolutionNode = FALSE
	EndGlobalSection
	GlobalSection(ExtensibilityGlobals) = postSolution
		SolutionGuid = {C71410BA-3B0F-436C-BE78-19B04DDD2CA4}
	EndGlobalSection
	GlobalSection(Performance) = preSolution
		HasPerformanceSessions = true
	EndGlobalSection
EndGlobal
